
Microsoft Visual Studio Solution File, Format Version 12.00
# Visual Studio Version 17
VisualStudioVersion = 17.0.31919.166
MinimumVisualStudioVersion = 10.0.40219.1
Project("{2150E333-8FDC-42A3-9474-1A3956D46DE8}") = "Solution Items", "Solution Items", "{5AEABBEA-3D24-433A-95DA-91F3750E70C8}"
	ProjectSection(SolutionItems) = preProject
		.editorconfig = .editorconfig
	EndProjectSection
EndProject
Project("{2150E333-8FDC-42A3-9474-1A3956D46DE8}") = "Plugin", "Plugin", "{47754E9A-A4FE-42DC-8280-75CFE3319B18}"
EndProject
Project("{9A19103F-16F7-4668-BE54-9A1E7A4F7556}") = "BeepContainersModel", "BeepContainersModel\BeepContainersModel.csproj", "{871AD324-9FD2-4EB3-AD3C-9DE66947AC52}"
EndProject
Project("{2150E333-8FDC-42A3-9474-1A3956D46DE8}") = "Winform", "Winform", "{FF56C05E-C8BE-40A4-B9B1-762925076F0F}"
EndProject
Project("{FAE04EC0-301F-11D3-BF4B-00C04F79EFBC}") = "BeepEnterprize.Winform", "BeepEnterprize.Winform\BeepEnterprize.Winform.csproj", "{98D9F47F-C4B3-4EF3-9888-40209E9D689E}"
	ProjectSection(ProjectDependencies) = postProject
		{871AD324-9FD2-4EB3-AD3C-9DE66947AC52} = {871AD324-9FD2-4EB3-AD3C-9DE66947AC52}
		{B4BEDA46-4D62-4709-92A1-9D5B39BE8F31} = {B4BEDA46-4D62-4709-92A1-9D5B39BE8F31}
	EndProjectSection
EndProject
Project("{FAE04EC0-301F-11D3-BF4B-00C04F79EFBC}") = "BeepEnterprize.Winform.Vis", "BeepEnterprize.Winform.Vis\BeepEnterprize.Winform.Vis.csproj", "{D185808C-5D43-454A-9468-829E122C2C2A}"
EndProject
Project("{FAE04EC0-301F-11D3-BF4B-00C04F79EFBC}") = "BeepEnterprizeTreeNodes", "BeepEnterprizeTreeNodes\BeepEnterprizeTreeNodes.csproj", "{B4BEDA46-4D62-4709-92A1-9D5B39BE8F31}"
EndProject
Project("{FAE04EC0-301F-11D3-BF4B-00C04F79EFBC}") = "AssemblyLoaderIBranchExtension", "Plugin\AssemblyLoaderExtension\AssemblyLoaderIBranchExtension.csproj", "{EE2B7832-0F22-426E-8C85-4E7CC4D636A8}"
EndProject
Project("{2150E333-8FDC-42A3-9474-1A3956D46DE8}") = "Container", "Container", "{86AFE19A-2DFA-4194-86A1-A0E543679921}"
EndProject
Project("{FAE04EC0-301F-11D3-BF4B-00C04F79EFBC}") = "AssemblyLoaderAI", "Plugin\AssemblyLoader_AIandApps\AssemblyLoaderAI.csproj", "{87833BC9-6669-4B51-932D-33284E57C794}"
EndProject
Project("{2150E333-8FDC-42A3-9474-1A3956D46DE8}") = "ModuleExtensions", "ModuleExtensions", "{CAB93BD4-DD3C-45E3-961C-65185DEAE372}"
EndProject
Project("{FAE04EC0-301F-11D3-BF4B-00C04F79EFBC}") = "AIModule", "ModuleExtensions\AIModule\AIModule.csproj", "{A81B09ED-C936-4C60-BE8F-223D5D3FCE8D}"
EndProject
Project("{FAE04EC0-301F-11D3-BF4B-00C04F79EFBC}") = "BeepProject", "Plugin\BeepProject\BeepProject.csproj", "{E7D68911-25A1-4DAB-8EA3-372CC41FDF05}"
EndProject
Project("{FAE04EC0-301F-11D3-BF4B-00C04F79EFBC}") = "BeepDeveloperAssistant", "Plugin\BeepDeveloperAssistant\BeepDeveloperAssistant.csproj", "{09A83217-3D5A-4110-8590-C0E42BFA7700}"
EndProject
Project("{FAE04EC0-301F-11D3-BF4B-00C04F79EFBC}") = "Assembly_helpers", "..\BeepDM\Assembly_helpers\Assembly_helpers.csproj", "{E987EC5E-563C-48D9-932F-1DFBC545752D}"
EndProject
Project("{FAE04EC0-301F-11D3-BF4B-00C04F79EFBC}") = "DMLogger", "..\BeepDM\DMLogger\DMLogger.csproj", "{EB5417EA-362A-40B6-8B2A-E48BC45C9C05}"
EndProject
Project("{FAE04EC0-301F-11D3-BF4B-00C04F79EFBC}") = "JsonFileLoader", "..\BeepDM\JsonFileLoader\JsonFileLoader.csproj", "{654608E6-4BB3-4D7F-8F39-144C1318AA7B}"
EndProject
Project("{2150E333-8FDC-42A3-9474-1A3956D46DE8}") = "Tools_helpers", "Tools_helpers", "{89AAEC33-A903-4B07-9DD5-6EAFCBD9771E}"
EndProject
Project("{2150E333-8FDC-42A3-9474-1A3956D46DE8}") = "Dashboard", "Dashboard", "{1C7B3C53-824B-48F5-90FC-13308547F23D}"
EndProject
Project("{2150E333-8FDC-42A3-9474-1A3956D46DE8}") = "WorkFlowBuilders", "WorkFlowBuilders", "{4A66B269-F295-4D6E-9E39-B6C3F4F3595E}"
EndProject
Project("{9A19103F-16F7-4668-BE54-9A1E7A4F7556}") = "BeepContainer", "BeepContainer\BeepContainer.csproj", "{BDE11881-79CA-4B2C-B3FF-E4FA99ADC2FB}"
EndProject
Project("{FAE04EC0-301F-11D3-BF4B-00C04F79EFBC}") = "Beep.Winform.Controls", "Beep.Winform.Controls\Beep.Winform.Controls.csproj", "{86A01E2B-0B8B-41CB-B747-A571146875A2}"
EndProject
Project("{2150E333-8FDC-42A3-9474-1A3956D46DE8}") = "PrintManagers", "PrintManagers", "{744C1DFB-BF03-40B2-9694-33F1A0006CEF}"
EndProject
Project("{FAE04EC0-301F-11D3-BF4B-00C04F79EFBC}") = "PrintManager", "Plugin\PrintManager\PrintManager.csproj", "{9DB49744-FC86-4406-8EE0-355E96C435CF}"
EndProject
Project("{2150E333-8FDC-42A3-9474-1A3956D46DE8}") = "Workflows", "Workflows", "{5C67FD95-63EB-4AED-91CB-631EEACFB927}"
EndProject
Project("{2150E333-8FDC-42A3-9474-1A3956D46DE8}") = "Workflow_Managment", "Workflow_Managment", "{8026868A-4009-4257-B921-CED9F62389EB}"
EndProject
Project("{FAE04EC0-301F-11D3-BF4B-00C04F79EFBC}") = "DashboardInterfaces", "ModuleExtensions\DashboardInterfaces\DashboardInterfaces.csproj", "{9E67B135-ED55-46F0-A64F-76236C2BD903}"
EndProject
Project("{FAE04EC0-301F-11D3-BF4B-00C04F79EFBC}") = "NuggetDriversHandler", "Plugin\NuggetDriversHandler\NuggetDriversHandler.csproj", "{9BC8B3E1-B5FD-4022-88C6-215A87EFBDA1}"
EndProject
Project("{FAE04EC0-301F-11D3-BF4B-00C04F79EFBC}") = "WorkFlowBuilder", "plugin\WorkFlowBuilder\WorkFlowBuilder.csproj", "{BB4A4762-E197-42EA-ADF9-96FEECB8B4F6}"
EndProject
Project("{2150E333-8FDC-42A3-9474-1A3956D46DE8}") = "Reporting", "Reporting", "{5BC50C7F-3CFC-4D6C-A81D-8602FB6F788E}"
EndProject
Project("{FAE04EC0-301F-11D3-BF4B-00C04F79EFBC}") = "PythonAIBuilder", "Plugin\AIBuilder\PythonAIBuilder.csproj", "{396C644A-EF7F-4FC4-A7D0-C7F0B1DFD34B}"
EndProject
Project("{2150E333-8FDC-42A3-9474-1A3956D46DE8}") = "AI", "AI", "{5476A29B-D1C5-4E71-8362-428947F253F0}"
EndProject
Project("{FAE04EC0-301F-11D3-BF4B-00C04F79EFBC}") = "R", "Plugin\R\R.csproj", "{D72D8B0E-0BDB-4901-BDF7-626B5ED623C6}"
EndProject
Project("{FAE04EC0-301F-11D3-BF4B-00C04F79EFBC}") = "Accord", "Plugin\accord\Accord.csproj", "{12F5522A-6250-49DF-A4E1-67474E330661}"
EndProject
Project("{2150E333-8FDC-42A3-9474-1A3956D46DE8}") = "Beep", "Beep", "{1B83C595-4F67-4060-A568-6E15DA2317C2}"
EndProject
Project("{2150E333-8FDC-42A3-9474-1A3956D46DE8}") = "VisModules", "VisModules", "{88786F7E-C715-4CF0-82B6-04CFAAA5926F}"
EndProject
Project("{2150E333-8FDC-42A3-9474-1A3956D46DE8}") = "Graphs", "Graphs", "{4FA37B63-990C-49CC-8A78-698880B10C49}"
EndProject
Project("{9A19103F-16F7-4668-BE54-9A1E7A4F7556}") = "ScottPlots", "Plugin\ScottPlot\ScottPlots.csproj", "{C17327F3-7780-4A72-AC26-7EC7735D78CC}"
EndProject
Project("{2150E333-8FDC-42A3-9474-1A3956D46DE8}") = "BPM", "BPM", "{EAEAEA63-A70B-464D-A139-61FAA7B61A7F}"
EndProject
Project("{9A19103F-16F7-4668-BE54-9A1E7A4F7556}") = "Beep.BusinessProcess", "..\Beep.BusinessProcess\Beep.BusinessProcess.csproj", "{145F545E-BE24-4B20-B695-AA058113E974}"
EndProject
Project("{2150E333-8FDC-42A3-9474-1A3956D46DE8}") = "AppDesigner", "AppDesigner", "{959541EE-4115-4F03-8711-F832F25E1BB2}"
EndProject
Project("{FAE04EC0-301F-11D3-BF4B-00C04F79EFBC}") = "TheTechIdea.Beep.Vis.Modules", "BeepEnterprize.Vis.Module\TheTechIdea.Beep.Vis.Modules.csproj", "{31940304-EF06-4104-94B4-59B40331391E}"
EndProject
Project("{9A19103F-16F7-4668-BE54-9A1E7A4F7556}") = "TheTechIdea.Beep.Vis.Modules2.0", "TheTechIdea.Beep.Vis.Modules2.0\TheTechIdea.Beep.Vis.Modules2.0.csproj", "{48AAD630-7A91-49C9-9C02-619043A77AB7}"
EndProject
Project("{9A19103F-16F7-4668-BE54-9A1E7A4F7556}") = "BeepEnterprize.Vis.Module.net6", "..\BeepWinformAppNet6\BeepEnterprize.Vis.Module.net6\BeepEnterprize.Vis.Module.net6.csproj", "{FA70A4FE-07A4-4289-9F6B-8009864332A1}"
EndProject
Project("{9A19103F-16F7-4668-BE54-9A1E7A4F7556}") = "AppExtensionsLoaderStandard", "..\Beep.Winfom.AppBuilders\AppExtensionsLoader\AppExtensionsLoaderStandard.csproj", "{C051FC51-8422-4ECC-B549-38E5AF19B334}"
EndProject
Project("{FAE04EC0-301F-11D3-BF4B-00C04F79EFBC}") = "AppModule", "..\Beep.Winfom.AppBuilders\AppModule\AppModule.csproj", "{728C3656-D039-4F7B-8796-ACB59F9BF446}"
EndProject
Project("{FAE04EC0-301F-11D3-BF4B-00C04F79EFBC}") = "WinformScreenControls", "..\Beep.Winfom.AppBuilders\WinformScreenControls\WinformScreenControls.csproj", "{A2A31854-3FB5-4979-A39E-13EA954B253E}"
EndProject
Project("{9A19103F-16F7-4668-BE54-9A1E7A4F7556}") = "AINodes", "..\Plugins\AINodes\AINodes.csproj", "{89BA5EEA-D36D-47F7-9286-132DA8BD5FA9}"
EndProject
Project("{FAE04EC0-301F-11D3-BF4B-00C04F79EFBC}") = "AppExtensionsLoaderNet", "..\Beep.Winfom.AppBuilders\AppExtensionsLoaderNet\AppExtensionsLoaderNet.csproj", "{F73548E6-810F-4C8E-B4C8-B13575F98B69}"
EndProject
Project("{FAE04EC0-301F-11D3-BF4B-00C04F79EFBC}") = "AppbuilderExtensions", "..\Beep.Winfom.AppBuilders\Extensions\AppbuilderExtensions.csproj", "{6689AC74-0442-419B-95A6-9DF7DBE99D5A}"
EndProject
Project("{FAE04EC0-301F-11D3-BF4B-00C04F79EFBC}") = "WinformDesigner", "..\Beep.Winfom.AppBuilders\WinformDesigner\WinformDesigner.csproj", "{6A9D6090-244A-48D1-B509-64AFEE7B569D}"
EndProject
Project("{2150E333-8FDC-42A3-9474-1A3956D46DE8}") = "ViewModels", "ViewModels", "{C9B2A1FB-7131-4E00-91FD-144D6DF7ECF4}"
EndProject
Project("{9A19103F-16F7-4668-BE54-9A1E7A4F7556}") = "ViewModels", "BeepViewModels\ViewModels.csproj", "{533BD5A1-302E-40FB-8408-75F2D668FCF4}"
EndProject
Project("{FAE04EC0-301F-11D3-BF4B-00C04F79EFBC}") = "Contour", "..\Plugins\Contour\Contour.csproj", "{F94D48E3-79F5-45C1-BF7A-A942D9996F7D}"
EndProject
Project("{FAE04EC0-301F-11D3-BF4B-00C04F79EFBC}") = "TxtXlsCSVFileSource", "..\BeepDataSources\DataSourcesPlugins\CSVDataSource\TxtXlsCSVFileSource.csproj", "{98E2E483-7D30-495E-88F4-69B2797434AF}"
EndProject
Project("{9A19103F-16F7-4668-BE54-9A1E7A4F7556}") = "Assembly_helpersStandard", "..\BeepDM\Assembly_helpersStandard\Assembly_helpersStandard.csproj", "{791058A5-80E8-4C98-ABB1-18A35F2EFD8B}"
EndProject
Project("{9A19103F-16F7-4668-BE54-9A1E7A4F7556}") = "Assembly_helpersNet6", "..\BeepDM\Assembly_helpersNet6\Assembly_helpersNet6.csproj", "{7298EF5E-DA0A-41DB-A863-2FDF53FA85EE}"
EndProject
Project("{FAE04EC0-301F-11D3-BF4B-00C04F79EFBC}") = "JsonDataSource", "..\BeepDataSources\DataSourcesPlugins\JsonDataSource\JsonDataSource.csproj", "{A1A01CA5-24BF-4F9A-8F4A-68308E89A056}"
EndProject
Project("{FAE04EC0-301F-11D3-BF4B-00C04F79EFBC}") = "LiteDBDataSource", "..\BeepDataSources\DataSourcesPlugins\LiteDB\LiteDBDataSource.csproj", "{EA21C64F-3A62-4BB3-9A7C-68DD4EF0E874}"
EndProject
Project("{9A19103F-16F7-4668-BE54-9A1E7A4F7556}") = "JsonFileLoaderStandard", "..\BeepDM\JsonFileLoaderStandard\JsonFileLoaderStandard.csproj", "{B75E2408-E832-4CC8-837E-585BB457CADF}"
EndProject
Project("{9A19103F-16F7-4668-BE54-9A1E7A4F7556}") = "JsonFileLoaderNet6", "..\BeepDM\JsonFileLoaderNet6\JsonFileLoaderNet6.csproj", "{DB97947C-C2AF-48DC-B227-1C56603C97E6}"
EndProject
Project("{D954291E-2A0B-460D-934E-DC6B0785DB48}") = "DataManagmentEngineShared", "..\BeepDM\DataManagmentEngineShared\DataManagmentEngineShared.shproj", "{B5D91583-1EB4-4B3C-8288-88FD13E35556}"
EndProject
Project("{9A19103F-16F7-4668-BE54-9A1E7A4F7556}") = "DataManagementEngineStandard", "..\BeepDM\DataManagementEngineStandard\DataManagementEngineStandard.csproj", "{C94FC7E8-D640-456F-8C9E-579E68C49DC7}"
EndProject
Project("{9A19103F-16F7-4668-BE54-9A1E7A4F7556}") = "DataManagmentEngineNet6", "..\BeepDM\DataManagmentEngineNet6\DataManagmentEngineNet6.csproj", "{E007B556-A5FB-49ED-B8B9-96F884E2243D}"
EndProject
Global
	GlobalSection(SolutionConfigurationPlatforms) = preSolution
		Debug|Any CPU = Debug|Any CPU
		Debug|x86 = Debug|x86
		Release|Any CPU = Release|Any CPU
		Release|x86 = Release|x86
		x86|Any CPU = x86|Any CPU
		x86|x86 = x86|x86
	EndGlobalSection
	GlobalSection(ProjectConfigurationPlatforms) = postSolution
		{871AD324-9FD2-4EB3-AD3C-9DE66947AC52}.Debug|Any CPU.ActiveCfg = Debug|Any CPU
		{871AD324-9FD2-4EB3-AD3C-9DE66947AC52}.Debug|Any CPU.Build.0 = Debug|Any CPU
		{871AD324-9FD2-4EB3-AD3C-9DE66947AC52}.Debug|x86.ActiveCfg = Debug|Any CPU
		{871AD324-9FD2-4EB3-AD3C-9DE66947AC52}.Debug|x86.Build.0 = Debug|Any CPU
		{871AD324-9FD2-4EB3-AD3C-9DE66947AC52}.Release|Any CPU.ActiveCfg = Release|Any CPU
		{871AD324-9FD2-4EB3-AD3C-9DE66947AC52}.Release|Any CPU.Build.0 = Release|Any CPU
		{871AD324-9FD2-4EB3-AD3C-9DE66947AC52}.Release|x86.ActiveCfg = Release|Any CPU
		{871AD324-9FD2-4EB3-AD3C-9DE66947AC52}.Release|x86.Build.0 = Release|Any CPU
		{871AD324-9FD2-4EB3-AD3C-9DE66947AC52}.x86|Any CPU.ActiveCfg = Release|Any CPU
		{871AD324-9FD2-4EB3-AD3C-9DE66947AC52}.x86|Any CPU.Build.0 = Release|Any CPU
		{871AD324-9FD2-4EB3-AD3C-9DE66947AC52}.x86|x86.ActiveCfg = Release|Any CPU
		{871AD324-9FD2-4EB3-AD3C-9DE66947AC52}.x86|x86.Build.0 = Release|Any CPU
		{98D9F47F-C4B3-4EF3-9888-40209E9D689E}.Debug|Any CPU.ActiveCfg = Debug|Any CPU
		{98D9F47F-C4B3-4EF3-9888-40209E9D689E}.Debug|Any CPU.Build.0 = Debug|Any CPU
		{98D9F47F-C4B3-4EF3-9888-40209E9D689E}.Debug|x86.ActiveCfg = Debug|Any CPU
		{98D9F47F-C4B3-4EF3-9888-40209E9D689E}.Debug|x86.Build.0 = Debug|Any CPU
		{98D9F47F-C4B3-4EF3-9888-40209E9D689E}.Release|Any CPU.ActiveCfg = Release|Any CPU
		{98D9F47F-C4B3-4EF3-9888-40209E9D689E}.Release|Any CPU.Build.0 = Release|Any CPU
		{98D9F47F-C4B3-4EF3-9888-40209E9D689E}.Release|x86.ActiveCfg = Release|Any CPU
		{98D9F47F-C4B3-4EF3-9888-40209E9D689E}.Release|x86.Build.0 = Release|Any CPU
		{98D9F47F-C4B3-4EF3-9888-40209E9D689E}.x86|Any CPU.ActiveCfg = Release|Any CPU
		{98D9F47F-C4B3-4EF3-9888-40209E9D689E}.x86|Any CPU.Build.0 = Release|Any CPU
		{98D9F47F-C4B3-4EF3-9888-40209E9D689E}.x86|x86.ActiveCfg = Release|Any CPU
		{98D9F47F-C4B3-4EF3-9888-40209E9D689E}.x86|x86.Build.0 = Release|Any CPU
		{D185808C-5D43-454A-9468-829E122C2C2A}.Debug|Any CPU.ActiveCfg = Debug|Any CPU
		{D185808C-5D43-454A-9468-829E122C2C2A}.Debug|Any CPU.Build.0 = Debug|Any CPU
		{D185808C-5D43-454A-9468-829E122C2C2A}.Debug|x86.ActiveCfg = Debug|Any CPU
		{D185808C-5D43-454A-9468-829E122C2C2A}.Debug|x86.Build.0 = Debug|Any CPU
		{D185808C-5D43-454A-9468-829E122C2C2A}.Release|Any CPU.ActiveCfg = Release|Any CPU
		{D185808C-5D43-454A-9468-829E122C2C2A}.Release|Any CPU.Build.0 = Release|Any CPU
		{D185808C-5D43-454A-9468-829E122C2C2A}.Release|x86.ActiveCfg = Release|Any CPU
		{D185808C-5D43-454A-9468-829E122C2C2A}.Release|x86.Build.0 = Release|Any CPU
		{D185808C-5D43-454A-9468-829E122C2C2A}.x86|Any CPU.ActiveCfg = Release|Any CPU
		{D185808C-5D43-454A-9468-829E122C2C2A}.x86|Any CPU.Build.0 = Release|Any CPU
		{D185808C-5D43-454A-9468-829E122C2C2A}.x86|x86.ActiveCfg = Release|Any CPU
		{D185808C-5D43-454A-9468-829E122C2C2A}.x86|x86.Build.0 = Release|Any CPU
		{B4BEDA46-4D62-4709-92A1-9D5B39BE8F31}.Debug|Any CPU.ActiveCfg = Debug|Any CPU
		{B4BEDA46-4D62-4709-92A1-9D5B39BE8F31}.Debug|Any CPU.Build.0 = Debug|Any CPU
		{B4BEDA46-4D62-4709-92A1-9D5B39BE8F31}.Debug|x86.ActiveCfg = Debug|Any CPU
		{B4BEDA46-4D62-4709-92A1-9D5B39BE8F31}.Debug|x86.Build.0 = Debug|Any CPU
		{B4BEDA46-4D62-4709-92A1-9D5B39BE8F31}.Release|Any CPU.ActiveCfg = Release|Any CPU
		{B4BEDA46-4D62-4709-92A1-9D5B39BE8F31}.Release|Any CPU.Build.0 = Release|Any CPU
		{B4BEDA46-4D62-4709-92A1-9D5B39BE8F31}.Release|x86.ActiveCfg = Release|Any CPU
		{B4BEDA46-4D62-4709-92A1-9D5B39BE8F31}.Release|x86.Build.0 = Release|Any CPU
		{B4BEDA46-4D62-4709-92A1-9D5B39BE8F31}.x86|Any CPU.ActiveCfg = Release|Any CPU
		{B4BEDA46-4D62-4709-92A1-9D5B39BE8F31}.x86|Any CPU.Build.0 = Release|Any CPU
		{B4BEDA46-4D62-4709-92A1-9D5B39BE8F31}.x86|x86.ActiveCfg = Release|Any CPU
		{B4BEDA46-4D62-4709-92A1-9D5B39BE8F31}.x86|x86.Build.0 = Release|Any CPU
		{EE2B7832-0F22-426E-8C85-4E7CC4D636A8}.Debug|Any CPU.ActiveCfg = Debug|Any CPU
		{EE2B7832-0F22-426E-8C85-4E7CC4D636A8}.Debug|Any CPU.Build.0 = Debug|Any CPU
		{EE2B7832-0F22-426E-8C85-4E7CC4D636A8}.Debug|x86.ActiveCfg = Debug|Any CPU
		{EE2B7832-0F22-426E-8C85-4E7CC4D636A8}.Debug|x86.Build.0 = Debug|Any CPU
		{EE2B7832-0F22-426E-8C85-4E7CC4D636A8}.Release|Any CPU.ActiveCfg = Release|Any CPU
		{EE2B7832-0F22-426E-8C85-4E7CC4D636A8}.Release|Any CPU.Build.0 = Release|Any CPU
		{EE2B7832-0F22-426E-8C85-4E7CC4D636A8}.Release|x86.ActiveCfg = Release|Any CPU
		{EE2B7832-0F22-426E-8C85-4E7CC4D636A8}.Release|x86.Build.0 = Release|Any CPU
		{EE2B7832-0F22-426E-8C85-4E7CC4D636A8}.x86|Any CPU.ActiveCfg = Release|Any CPU
		{EE2B7832-0F22-426E-8C85-4E7CC4D636A8}.x86|Any CPU.Build.0 = Release|Any CPU
		{EE2B7832-0F22-426E-8C85-4E7CC4D636A8}.x86|x86.ActiveCfg = Release|Any CPU
		{EE2B7832-0F22-426E-8C85-4E7CC4D636A8}.x86|x86.Build.0 = Release|Any CPU
		{87833BC9-6669-4B51-932D-33284E57C794}.Debug|Any CPU.ActiveCfg = Debug|Any CPU
		{87833BC9-6669-4B51-932D-33284E57C794}.Debug|Any CPU.Build.0 = Debug|Any CPU
		{87833BC9-6669-4B51-932D-33284E57C794}.Debug|x86.ActiveCfg = Debug|Any CPU
		{87833BC9-6669-4B51-932D-33284E57C794}.Debug|x86.Build.0 = Debug|Any CPU
		{87833BC9-6669-4B51-932D-33284E57C794}.Release|Any CPU.ActiveCfg = Release|Any CPU
		{87833BC9-6669-4B51-932D-33284E57C794}.Release|Any CPU.Build.0 = Release|Any CPU
		{87833BC9-6669-4B51-932D-33284E57C794}.Release|x86.ActiveCfg = Release|Any CPU
		{87833BC9-6669-4B51-932D-33284E57C794}.Release|x86.Build.0 = Release|Any CPU
		{87833BC9-6669-4B51-932D-33284E57C794}.x86|Any CPU.ActiveCfg = Release|Any CPU
		{87833BC9-6669-4B51-932D-33284E57C794}.x86|Any CPU.Build.0 = Release|Any CPU
		{87833BC9-6669-4B51-932D-33284E57C794}.x86|x86.ActiveCfg = Release|Any CPU
		{87833BC9-6669-4B51-932D-33284E57C794}.x86|x86.Build.0 = Release|Any CPU
		{A81B09ED-C936-4C60-BE8F-223D5D3FCE8D}.Debug|Any CPU.ActiveCfg = Debug|Any CPU
		{A81B09ED-C936-4C60-BE8F-223D5D3FCE8D}.Debug|Any CPU.Build.0 = Debug|Any CPU
		{A81B09ED-C936-4C60-BE8F-223D5D3FCE8D}.Debug|x86.ActiveCfg = Debug|Any CPU
		{A81B09ED-C936-4C60-BE8F-223D5D3FCE8D}.Debug|x86.Build.0 = Debug|Any CPU
		{A81B09ED-C936-4C60-BE8F-223D5D3FCE8D}.Release|Any CPU.ActiveCfg = Release|Any CPU
		{A81B09ED-C936-4C60-BE8F-223D5D3FCE8D}.Release|Any CPU.Build.0 = Release|Any CPU
		{A81B09ED-C936-4C60-BE8F-223D5D3FCE8D}.Release|x86.ActiveCfg = Release|Any CPU
		{A81B09ED-C936-4C60-BE8F-223D5D3FCE8D}.Release|x86.Build.0 = Release|Any CPU
		{A81B09ED-C936-4C60-BE8F-223D5D3FCE8D}.x86|Any CPU.ActiveCfg = Release|Any CPU
		{A81B09ED-C936-4C60-BE8F-223D5D3FCE8D}.x86|Any CPU.Build.0 = Release|Any CPU
		{A81B09ED-C936-4C60-BE8F-223D5D3FCE8D}.x86|x86.ActiveCfg = Release|Any CPU
		{A81B09ED-C936-4C60-BE8F-223D5D3FCE8D}.x86|x86.Build.0 = Release|Any CPU
		{E7D68911-25A1-4DAB-8EA3-372CC41FDF05}.Debug|Any CPU.ActiveCfg = Debug|Any CPU
		{E7D68911-25A1-4DAB-8EA3-372CC41FDF05}.Debug|Any CPU.Build.0 = Debug|Any CPU
		{E7D68911-25A1-4DAB-8EA3-372CC41FDF05}.Debug|x86.ActiveCfg = Debug|Any CPU
		{E7D68911-25A1-4DAB-8EA3-372CC41FDF05}.Debug|x86.Build.0 = Debug|Any CPU
		{E7D68911-25A1-4DAB-8EA3-372CC41FDF05}.Release|Any CPU.ActiveCfg = Release|Any CPU
		{E7D68911-25A1-4DAB-8EA3-372CC41FDF05}.Release|Any CPU.Build.0 = Release|Any CPU
		{E7D68911-25A1-4DAB-8EA3-372CC41FDF05}.Release|x86.ActiveCfg = Release|Any CPU
		{E7D68911-25A1-4DAB-8EA3-372CC41FDF05}.Release|x86.Build.0 = Release|Any CPU
		{E7D68911-25A1-4DAB-8EA3-372CC41FDF05}.x86|Any CPU.ActiveCfg = Release|Any CPU
		{E7D68911-25A1-4DAB-8EA3-372CC41FDF05}.x86|Any CPU.Build.0 = Release|Any CPU
		{E7D68911-25A1-4DAB-8EA3-372CC41FDF05}.x86|x86.ActiveCfg = Release|Any CPU
		{E7D68911-25A1-4DAB-8EA3-372CC41FDF05}.x86|x86.Build.0 = Release|Any CPU
		{09A83217-3D5A-4110-8590-C0E42BFA7700}.Debug|Any CPU.ActiveCfg = Debug|Any CPU
		{09A83217-3D5A-4110-8590-C0E42BFA7700}.Debug|Any CPU.Build.0 = Debug|Any CPU
		{09A83217-3D5A-4110-8590-C0E42BFA7700}.Debug|x86.ActiveCfg = Debug|Any CPU
		{09A83217-3D5A-4110-8590-C0E42BFA7700}.Debug|x86.Build.0 = Debug|Any CPU
		{09A83217-3D5A-4110-8590-C0E42BFA7700}.Release|Any CPU.ActiveCfg = Release|Any CPU
		{09A83217-3D5A-4110-8590-C0E42BFA7700}.Release|Any CPU.Build.0 = Release|Any CPU
		{09A83217-3D5A-4110-8590-C0E42BFA7700}.Release|x86.ActiveCfg = Release|Any CPU
		{09A83217-3D5A-4110-8590-C0E42BFA7700}.Release|x86.Build.0 = Release|Any CPU
		{09A83217-3D5A-4110-8590-C0E42BFA7700}.x86|Any CPU.ActiveCfg = Release|Any CPU
		{09A83217-3D5A-4110-8590-C0E42BFA7700}.x86|Any CPU.Build.0 = Release|Any CPU
		{09A83217-3D5A-4110-8590-C0E42BFA7700}.x86|x86.ActiveCfg = Release|Any CPU
		{09A83217-3D5A-4110-8590-C0E42BFA7700}.x86|x86.Build.0 = Release|Any CPU
		{E987EC5E-563C-48D9-932F-1DFBC545752D}.Debug|Any CPU.ActiveCfg = Debug|Any CPU
		{E987EC5E-563C-48D9-932F-1DFBC545752D}.Debug|Any CPU.Build.0 = Debug|Any CPU
		{E987EC5E-563C-48D9-932F-1DFBC545752D}.Debug|x86.ActiveCfg = Debug|Any CPU
		{E987EC5E-563C-48D9-932F-1DFBC545752D}.Debug|x86.Build.0 = Debug|Any CPU
		{E987EC5E-563C-48D9-932F-1DFBC545752D}.Release|Any CPU.ActiveCfg = Release|Any CPU
		{E987EC5E-563C-48D9-932F-1DFBC545752D}.Release|Any CPU.Build.0 = Release|Any CPU
		{E987EC5E-563C-48D9-932F-1DFBC545752D}.Release|x86.ActiveCfg = Release|Any CPU
		{E987EC5E-563C-48D9-932F-1DFBC545752D}.Release|x86.Build.0 = Release|Any CPU
		{E987EC5E-563C-48D9-932F-1DFBC545752D}.x86|Any CPU.ActiveCfg = Release|Any CPU
		{E987EC5E-563C-48D9-932F-1DFBC545752D}.x86|Any CPU.Build.0 = Release|Any CPU
		{E987EC5E-563C-48D9-932F-1DFBC545752D}.x86|x86.ActiveCfg = Release|Any CPU
		{E987EC5E-563C-48D9-932F-1DFBC545752D}.x86|x86.Build.0 = Release|Any CPU
		{EB5417EA-362A-40B6-8B2A-E48BC45C9C05}.Debug|Any CPU.ActiveCfg = Debug|Any CPU
		{EB5417EA-362A-40B6-8B2A-E48BC45C9C05}.Debug|Any CPU.Build.0 = Debug|Any CPU
		{EB5417EA-362A-40B6-8B2A-E48BC45C9C05}.Debug|x86.ActiveCfg = Debug|Any CPU
		{EB5417EA-362A-40B6-8B2A-E48BC45C9C05}.Debug|x86.Build.0 = Debug|Any CPU
		{EB5417EA-362A-40B6-8B2A-E48BC45C9C05}.Release|Any CPU.ActiveCfg = Release|Any CPU
		{EB5417EA-362A-40B6-8B2A-E48BC45C9C05}.Release|Any CPU.Build.0 = Release|Any CPU
		{EB5417EA-362A-40B6-8B2A-E48BC45C9C05}.Release|x86.ActiveCfg = Release|Any CPU
		{EB5417EA-362A-40B6-8B2A-E48BC45C9C05}.Release|x86.Build.0 = Release|Any CPU
		{EB5417EA-362A-40B6-8B2A-E48BC45C9C05}.x86|Any CPU.ActiveCfg = Release|Any CPU
		{EB5417EA-362A-40B6-8B2A-E48BC45C9C05}.x86|Any CPU.Build.0 = Release|Any CPU
		{EB5417EA-362A-40B6-8B2A-E48BC45C9C05}.x86|x86.ActiveCfg = Release|Any CPU
		{EB5417EA-362A-40B6-8B2A-E48BC45C9C05}.x86|x86.Build.0 = Release|Any CPU
		{654608E6-4BB3-4D7F-8F39-144C1318AA7B}.Debug|Any CPU.ActiveCfg = Debug|Any CPU
		{654608E6-4BB3-4D7F-8F39-144C1318AA7B}.Debug|Any CPU.Build.0 = Debug|Any CPU
		{654608E6-4BB3-4D7F-8F39-144C1318AA7B}.Debug|x86.ActiveCfg = Debug|Any CPU
		{654608E6-4BB3-4D7F-8F39-144C1318AA7B}.Debug|x86.Build.0 = Debug|Any CPU
		{654608E6-4BB3-4D7F-8F39-144C1318AA7B}.Release|Any CPU.ActiveCfg = Release|Any CPU
		{654608E6-4BB3-4D7F-8F39-144C1318AA7B}.Release|Any CPU.Build.0 = Release|Any CPU
		{654608E6-4BB3-4D7F-8F39-144C1318AA7B}.Release|x86.ActiveCfg = Release|Any CPU
		{654608E6-4BB3-4D7F-8F39-144C1318AA7B}.Release|x86.Build.0 = Release|Any CPU
		{654608E6-4BB3-4D7F-8F39-144C1318AA7B}.x86|Any CPU.ActiveCfg = Release|Any CPU
		{654608E6-4BB3-4D7F-8F39-144C1318AA7B}.x86|Any CPU.Build.0 = Release|Any CPU
		{654608E6-4BB3-4D7F-8F39-144C1318AA7B}.x86|x86.ActiveCfg = Release|Any CPU
		{654608E6-4BB3-4D7F-8F39-144C1318AA7B}.x86|x86.Build.0 = Release|Any CPU
		{BDE11881-79CA-4B2C-B3FF-E4FA99ADC2FB}.Debug|Any CPU.ActiveCfg = Debug|Any CPU
		{BDE11881-79CA-4B2C-B3FF-E4FA99ADC2FB}.Debug|Any CPU.Build.0 = Debug|Any CPU
		{BDE11881-79CA-4B2C-B3FF-E4FA99ADC2FB}.Debug|x86.ActiveCfg = Debug|Any CPU
		{BDE11881-79CA-4B2C-B3FF-E4FA99ADC2FB}.Debug|x86.Build.0 = Debug|Any CPU
		{BDE11881-79CA-4B2C-B3FF-E4FA99ADC2FB}.Release|Any CPU.ActiveCfg = Release|Any CPU
		{BDE11881-79CA-4B2C-B3FF-E4FA99ADC2FB}.Release|Any CPU.Build.0 = Release|Any CPU
		{BDE11881-79CA-4B2C-B3FF-E4FA99ADC2FB}.Release|x86.ActiveCfg = Release|Any CPU
		{BDE11881-79CA-4B2C-B3FF-E4FA99ADC2FB}.Release|x86.Build.0 = Release|Any CPU
		{BDE11881-79CA-4B2C-B3FF-E4FA99ADC2FB}.x86|Any CPU.ActiveCfg = Debug|Any CPU
		{BDE11881-79CA-4B2C-B3FF-E4FA99ADC2FB}.x86|Any CPU.Build.0 = Debug|Any CPU
		{BDE11881-79CA-4B2C-B3FF-E4FA99ADC2FB}.x86|x86.ActiveCfg = Debug|Any CPU
		{BDE11881-79CA-4B2C-B3FF-E4FA99ADC2FB}.x86|x86.Build.0 = Debug|Any CPU
		{86A01E2B-0B8B-41CB-B747-A571146875A2}.Debug|Any CPU.ActiveCfg = Debug|Any CPU
		{86A01E2B-0B8B-41CB-B747-A571146875A2}.Debug|Any CPU.Build.0 = Debug|Any CPU
		{86A01E2B-0B8B-41CB-B747-A571146875A2}.Debug|x86.ActiveCfg = Debug|Any CPU
		{86A01E2B-0B8B-41CB-B747-A571146875A2}.Debug|x86.Build.0 = Debug|Any CPU
		{86A01E2B-0B8B-41CB-B747-A571146875A2}.Release|Any CPU.ActiveCfg = Release|Any CPU
		{86A01E2B-0B8B-41CB-B747-A571146875A2}.Release|Any CPU.Build.0 = Release|Any CPU
		{86A01E2B-0B8B-41CB-B747-A571146875A2}.Release|x86.ActiveCfg = Release|Any CPU
		{86A01E2B-0B8B-41CB-B747-A571146875A2}.Release|x86.Build.0 = Release|Any CPU
		{86A01E2B-0B8B-41CB-B747-A571146875A2}.x86|Any CPU.ActiveCfg = Debug|Any CPU
		{86A01E2B-0B8B-41CB-B747-A571146875A2}.x86|Any CPU.Build.0 = Debug|Any CPU
		{86A01E2B-0B8B-41CB-B747-A571146875A2}.x86|x86.ActiveCfg = Debug|Any CPU
		{86A01E2B-0B8B-41CB-B747-A571146875A2}.x86|x86.Build.0 = Debug|Any CPU
		{9DB49744-FC86-4406-8EE0-355E96C435CF}.Debug|Any CPU.ActiveCfg = Debug|Any CPU
		{9DB49744-FC86-4406-8EE0-355E96C435CF}.Debug|Any CPU.Build.0 = Debug|Any CPU
		{9DB49744-FC86-4406-8EE0-355E96C435CF}.Debug|x86.ActiveCfg = Debug|Any CPU
		{9DB49744-FC86-4406-8EE0-355E96C435CF}.Debug|x86.Build.0 = Debug|Any CPU
		{9DB49744-FC86-4406-8EE0-355E96C435CF}.Release|Any CPU.ActiveCfg = Release|Any CPU
		{9DB49744-FC86-4406-8EE0-355E96C435CF}.Release|Any CPU.Build.0 = Release|Any CPU
		{9DB49744-FC86-4406-8EE0-355E96C435CF}.Release|x86.ActiveCfg = Release|Any CPU
		{9DB49744-FC86-4406-8EE0-355E96C435CF}.Release|x86.Build.0 = Release|Any CPU
		{9DB49744-FC86-4406-8EE0-355E96C435CF}.x86|Any CPU.ActiveCfg = Debug|Any CPU
		{9DB49744-FC86-4406-8EE0-355E96C435CF}.x86|Any CPU.Build.0 = Debug|Any CPU
		{9DB49744-FC86-4406-8EE0-355E96C435CF}.x86|x86.ActiveCfg = Debug|Any CPU
		{9DB49744-FC86-4406-8EE0-355E96C435CF}.x86|x86.Build.0 = Debug|Any CPU
		{9E67B135-ED55-46F0-A64F-76236C2BD903}.Debug|Any CPU.ActiveCfg = Debug|Any CPU
		{9E67B135-ED55-46F0-A64F-76236C2BD903}.Debug|Any CPU.Build.0 = Debug|Any CPU
		{9E67B135-ED55-46F0-A64F-76236C2BD903}.Debug|x86.ActiveCfg = Debug|Any CPU
		{9E67B135-ED55-46F0-A64F-76236C2BD903}.Debug|x86.Build.0 = Debug|Any CPU
		{9E67B135-ED55-46F0-A64F-76236C2BD903}.Release|Any CPU.ActiveCfg = Release|Any CPU
		{9E67B135-ED55-46F0-A64F-76236C2BD903}.Release|Any CPU.Build.0 = Release|Any CPU
		{9E67B135-ED55-46F0-A64F-76236C2BD903}.Release|x86.ActiveCfg = Release|Any CPU
		{9E67B135-ED55-46F0-A64F-76236C2BD903}.Release|x86.Build.0 = Release|Any CPU
		{9E67B135-ED55-46F0-A64F-76236C2BD903}.x86|Any CPU.ActiveCfg = Debug|Any CPU
		{9E67B135-ED55-46F0-A64F-76236C2BD903}.x86|Any CPU.Build.0 = Debug|Any CPU
		{9E67B135-ED55-46F0-A64F-76236C2BD903}.x86|x86.ActiveCfg = Debug|Any CPU
		{9E67B135-ED55-46F0-A64F-76236C2BD903}.x86|x86.Build.0 = Debug|Any CPU
		{9BC8B3E1-B5FD-4022-88C6-215A87EFBDA1}.Debug|Any CPU.ActiveCfg = Debug|Any CPU
		{9BC8B3E1-B5FD-4022-88C6-215A87EFBDA1}.Debug|Any CPU.Build.0 = Debug|Any CPU
		{9BC8B3E1-B5FD-4022-88C6-215A87EFBDA1}.Debug|x86.ActiveCfg = Debug|Any CPU
		{9BC8B3E1-B5FD-4022-88C6-215A87EFBDA1}.Debug|x86.Build.0 = Debug|Any CPU
		{9BC8B3E1-B5FD-4022-88C6-215A87EFBDA1}.Release|Any CPU.ActiveCfg = Release|Any CPU
		{9BC8B3E1-B5FD-4022-88C6-215A87EFBDA1}.Release|Any CPU.Build.0 = Release|Any CPU
		{9BC8B3E1-B5FD-4022-88C6-215A87EFBDA1}.Release|x86.ActiveCfg = Release|Any CPU
		{9BC8B3E1-B5FD-4022-88C6-215A87EFBDA1}.Release|x86.Build.0 = Release|Any CPU
		{9BC8B3E1-B5FD-4022-88C6-215A87EFBDA1}.x86|Any CPU.ActiveCfg = Debug|Any CPU
		{9BC8B3E1-B5FD-4022-88C6-215A87EFBDA1}.x86|Any CPU.Build.0 = Debug|Any CPU
		{9BC8B3E1-B5FD-4022-88C6-215A87EFBDA1}.x86|x86.ActiveCfg = Debug|Any CPU
		{9BC8B3E1-B5FD-4022-88C6-215A87EFBDA1}.x86|x86.Build.0 = Debug|Any CPU
		{BB4A4762-E197-42EA-ADF9-96FEECB8B4F6}.Debug|Any CPU.ActiveCfg = Debug|Any CPU
		{BB4A4762-E197-42EA-ADF9-96FEECB8B4F6}.Debug|Any CPU.Build.0 = Debug|Any CPU
		{BB4A4762-E197-42EA-ADF9-96FEECB8B4F6}.Debug|x86.ActiveCfg = Debug|Any CPU
		{BB4A4762-E197-42EA-ADF9-96FEECB8B4F6}.Debug|x86.Build.0 = Debug|Any CPU
		{BB4A4762-E197-42EA-ADF9-96FEECB8B4F6}.Release|Any CPU.ActiveCfg = Release|Any CPU
		{BB4A4762-E197-42EA-ADF9-96FEECB8B4F6}.Release|Any CPU.Build.0 = Release|Any CPU
		{BB4A4762-E197-42EA-ADF9-96FEECB8B4F6}.Release|x86.ActiveCfg = Release|Any CPU
		{BB4A4762-E197-42EA-ADF9-96FEECB8B4F6}.Release|x86.Build.0 = Release|Any CPU
		{BB4A4762-E197-42EA-ADF9-96FEECB8B4F6}.x86|Any CPU.ActiveCfg = Debug|Any CPU
		{BB4A4762-E197-42EA-ADF9-96FEECB8B4F6}.x86|Any CPU.Build.0 = Debug|Any CPU
		{BB4A4762-E197-42EA-ADF9-96FEECB8B4F6}.x86|x86.ActiveCfg = Debug|Any CPU
		{BB4A4762-E197-42EA-ADF9-96FEECB8B4F6}.x86|x86.Build.0 = Debug|Any CPU
		{396C644A-EF7F-4FC4-A7D0-C7F0B1DFD34B}.Debug|Any CPU.ActiveCfg = Debug|Any CPU
		{396C644A-EF7F-4FC4-A7D0-C7F0B1DFD34B}.Debug|Any CPU.Build.0 = Debug|Any CPU
		{396C644A-EF7F-4FC4-A7D0-C7F0B1DFD34B}.Debug|x86.ActiveCfg = Debug|Any CPU
		{396C644A-EF7F-4FC4-A7D0-C7F0B1DFD34B}.Debug|x86.Build.0 = Debug|Any CPU
		{396C644A-EF7F-4FC4-A7D0-C7F0B1DFD34B}.Release|Any CPU.ActiveCfg = Release|Any CPU
		{396C644A-EF7F-4FC4-A7D0-C7F0B1DFD34B}.Release|Any CPU.Build.0 = Release|Any CPU
		{396C644A-EF7F-4FC4-A7D0-C7F0B1DFD34B}.Release|x86.ActiveCfg = Release|Any CPU
		{396C644A-EF7F-4FC4-A7D0-C7F0B1DFD34B}.Release|x86.Build.0 = Release|Any CPU
		{396C644A-EF7F-4FC4-A7D0-C7F0B1DFD34B}.x86|Any CPU.ActiveCfg = Debug|Any CPU
		{396C644A-EF7F-4FC4-A7D0-C7F0B1DFD34B}.x86|Any CPU.Build.0 = Debug|Any CPU
		{396C644A-EF7F-4FC4-A7D0-C7F0B1DFD34B}.x86|x86.ActiveCfg = Debug|Any CPU
		{396C644A-EF7F-4FC4-A7D0-C7F0B1DFD34B}.x86|x86.Build.0 = Debug|Any CPU
		{D72D8B0E-0BDB-4901-BDF7-626B5ED623C6}.Debug|Any CPU.ActiveCfg = Debug|Any CPU
		{D72D8B0E-0BDB-4901-BDF7-626B5ED623C6}.Debug|Any CPU.Build.0 = Debug|Any CPU
		{D72D8B0E-0BDB-4901-BDF7-626B5ED623C6}.Debug|x86.ActiveCfg = Debug|Any CPU
		{D72D8B0E-0BDB-4901-BDF7-626B5ED623C6}.Debug|x86.Build.0 = Debug|Any CPU
		{D72D8B0E-0BDB-4901-BDF7-626B5ED623C6}.Release|Any CPU.ActiveCfg = Release|Any CPU
		{D72D8B0E-0BDB-4901-BDF7-626B5ED623C6}.Release|Any CPU.Build.0 = Release|Any CPU
		{D72D8B0E-0BDB-4901-BDF7-626B5ED623C6}.Release|x86.ActiveCfg = Release|Any CPU
		{D72D8B0E-0BDB-4901-BDF7-626B5ED623C6}.Release|x86.Build.0 = Release|Any CPU
		{D72D8B0E-0BDB-4901-BDF7-626B5ED623C6}.x86|Any CPU.ActiveCfg = Debug|Any CPU
		{D72D8B0E-0BDB-4901-BDF7-626B5ED623C6}.x86|Any CPU.Build.0 = Debug|Any CPU
		{D72D8B0E-0BDB-4901-BDF7-626B5ED623C6}.x86|x86.ActiveCfg = Debug|Any CPU
		{D72D8B0E-0BDB-4901-BDF7-626B5ED623C6}.x86|x86.Build.0 = Debug|Any CPU
		{12F5522A-6250-49DF-A4E1-67474E330661}.Debug|Any CPU.ActiveCfg = Debug|Any CPU
		{12F5522A-6250-49DF-A4E1-67474E330661}.Debug|Any CPU.Build.0 = Debug|Any CPU
		{12F5522A-6250-49DF-A4E1-67474E330661}.Debug|x86.ActiveCfg = Debug|Any CPU
		{12F5522A-6250-49DF-A4E1-67474E330661}.Debug|x86.Build.0 = Debug|Any CPU
		{12F5522A-6250-49DF-A4E1-67474E330661}.Release|Any CPU.ActiveCfg = Release|Any CPU
		{12F5522A-6250-49DF-A4E1-67474E330661}.Release|Any CPU.Build.0 = Release|Any CPU
		{12F5522A-6250-49DF-A4E1-67474E330661}.Release|x86.ActiveCfg = Release|Any CPU
		{12F5522A-6250-49DF-A4E1-67474E330661}.Release|x86.Build.0 = Release|Any CPU
		{12F5522A-6250-49DF-A4E1-67474E330661}.x86|Any CPU.ActiveCfg = Debug|Any CPU
		{12F5522A-6250-49DF-A4E1-67474E330661}.x86|Any CPU.Build.0 = Debug|Any CPU
		{12F5522A-6250-49DF-A4E1-67474E330661}.x86|x86.ActiveCfg = Debug|Any CPU
		{12F5522A-6250-49DF-A4E1-67474E330661}.x86|x86.Build.0 = Debug|Any CPU
		{C17327F3-7780-4A72-AC26-7EC7735D78CC}.Debug|Any CPU.ActiveCfg = Debug|Any CPU
		{C17327F3-7780-4A72-AC26-7EC7735D78CC}.Debug|Any CPU.Build.0 = Debug|Any CPU
		{C17327F3-7780-4A72-AC26-7EC7735D78CC}.Debug|x86.ActiveCfg = Debug|Any CPU
		{C17327F3-7780-4A72-AC26-7EC7735D78CC}.Debug|x86.Build.0 = Debug|Any CPU
		{C17327F3-7780-4A72-AC26-7EC7735D78CC}.Release|Any CPU.ActiveCfg = Release|Any CPU
		{C17327F3-7780-4A72-AC26-7EC7735D78CC}.Release|Any CPU.Build.0 = Release|Any CPU
		{C17327F3-7780-4A72-AC26-7EC7735D78CC}.Release|x86.ActiveCfg = Release|Any CPU
		{C17327F3-7780-4A72-AC26-7EC7735D78CC}.Release|x86.Build.0 = Release|Any CPU
		{C17327F3-7780-4A72-AC26-7EC7735D78CC}.x86|Any CPU.ActiveCfg = Debug|Any CPU
		{C17327F3-7780-4A72-AC26-7EC7735D78CC}.x86|Any CPU.Build.0 = Debug|Any CPU
		{C17327F3-7780-4A72-AC26-7EC7735D78CC}.x86|x86.ActiveCfg = Debug|Any CPU
		{C17327F3-7780-4A72-AC26-7EC7735D78CC}.x86|x86.Build.0 = Debug|Any CPU
		{145F545E-BE24-4B20-B695-AA058113E974}.Debug|Any CPU.ActiveCfg = Debug|Any CPU
		{145F545E-BE24-4B20-B695-AA058113E974}.Debug|Any CPU.Build.0 = Debug|Any CPU
		{145F545E-BE24-4B20-B695-AA058113E974}.Debug|x86.ActiveCfg = Debug|Any CPU
		{145F545E-BE24-4B20-B695-AA058113E974}.Debug|x86.Build.0 = Debug|Any CPU
		{145F545E-BE24-4B20-B695-AA058113E974}.Release|Any CPU.ActiveCfg = Release|Any CPU
		{145F545E-BE24-4B20-B695-AA058113E974}.Release|Any CPU.Build.0 = Release|Any CPU
		{145F545E-BE24-4B20-B695-AA058113E974}.Release|x86.ActiveCfg = Release|Any CPU
		{145F545E-BE24-4B20-B695-AA058113E974}.Release|x86.Build.0 = Release|Any CPU
		{145F545E-BE24-4B20-B695-AA058113E974}.x86|Any CPU.ActiveCfg = Debug|Any CPU
		{145F545E-BE24-4B20-B695-AA058113E974}.x86|Any CPU.Build.0 = Debug|Any CPU
		{145F545E-BE24-4B20-B695-AA058113E974}.x86|x86.ActiveCfg = Debug|Any CPU
		{145F545E-BE24-4B20-B695-AA058113E974}.x86|x86.Build.0 = Debug|Any CPU
		{31940304-EF06-4104-94B4-59B40331391E}.Debug|Any CPU.ActiveCfg = Debug|Any CPU
		{31940304-EF06-4104-94B4-59B40331391E}.Debug|Any CPU.Build.0 = Debug|Any CPU
		{31940304-EF06-4104-94B4-59B40331391E}.Debug|x86.ActiveCfg = Debug|Any CPU
		{31940304-EF06-4104-94B4-59B40331391E}.Debug|x86.Build.0 = Debug|Any CPU
		{31940304-EF06-4104-94B4-59B40331391E}.Release|Any CPU.ActiveCfg = Release|Any CPU
		{31940304-EF06-4104-94B4-59B40331391E}.Release|Any CPU.Build.0 = Release|Any CPU
		{31940304-EF06-4104-94B4-59B40331391E}.Release|x86.ActiveCfg = Release|Any CPU
		{31940304-EF06-4104-94B4-59B40331391E}.Release|x86.Build.0 = Release|Any CPU
		{31940304-EF06-4104-94B4-59B40331391E}.x86|Any CPU.ActiveCfg = Debug|Any CPU
		{31940304-EF06-4104-94B4-59B40331391E}.x86|Any CPU.Build.0 = Debug|Any CPU
		{31940304-EF06-4104-94B4-59B40331391E}.x86|x86.ActiveCfg = Debug|Any CPU
		{31940304-EF06-4104-94B4-59B40331391E}.x86|x86.Build.0 = Debug|Any CPU
		{48AAD630-7A91-49C9-9C02-619043A77AB7}.Debug|Any CPU.ActiveCfg = Debug|Any CPU
		{48AAD630-7A91-49C9-9C02-619043A77AB7}.Debug|Any CPU.Build.0 = Debug|Any CPU
		{48AAD630-7A91-49C9-9C02-619043A77AB7}.Debug|x86.ActiveCfg = Debug|Any CPU
		{48AAD630-7A91-49C9-9C02-619043A77AB7}.Debug|x86.Build.0 = Debug|Any CPU
		{48AAD630-7A91-49C9-9C02-619043A77AB7}.Release|Any CPU.ActiveCfg = Release|Any CPU
		{48AAD630-7A91-49C9-9C02-619043A77AB7}.Release|Any CPU.Build.0 = Release|Any CPU
		{48AAD630-7A91-49C9-9C02-619043A77AB7}.Release|x86.ActiveCfg = Release|Any CPU
		{48AAD630-7A91-49C9-9C02-619043A77AB7}.Release|x86.Build.0 = Release|Any CPU
		{48AAD630-7A91-49C9-9C02-619043A77AB7}.x86|Any CPU.ActiveCfg = Debug|Any CPU
		{48AAD630-7A91-49C9-9C02-619043A77AB7}.x86|Any CPU.Build.0 = Debug|Any CPU
		{48AAD630-7A91-49C9-9C02-619043A77AB7}.x86|x86.ActiveCfg = Debug|Any CPU
		{48AAD630-7A91-49C9-9C02-619043A77AB7}.x86|x86.Build.0 = Debug|Any CPU
		{FA70A4FE-07A4-4289-9F6B-8009864332A1}.Debug|Any CPU.ActiveCfg = Debug|Any CPU
		{FA70A4FE-07A4-4289-9F6B-8009864332A1}.Debug|Any CPU.Build.0 = Debug|Any CPU
		{FA70A4FE-07A4-4289-9F6B-8009864332A1}.Debug|x86.ActiveCfg = Debug|Any CPU
		{FA70A4FE-07A4-4289-9F6B-8009864332A1}.Debug|x86.Build.0 = Debug|Any CPU
		{FA70A4FE-07A4-4289-9F6B-8009864332A1}.Release|Any CPU.ActiveCfg = Release|Any CPU
		{FA70A4FE-07A4-4289-9F6B-8009864332A1}.Release|Any CPU.Build.0 = Release|Any CPU
		{FA70A4FE-07A4-4289-9F6B-8009864332A1}.Release|x86.ActiveCfg = Release|Any CPU
		{FA70A4FE-07A4-4289-9F6B-8009864332A1}.Release|x86.Build.0 = Release|Any CPU
		{FA70A4FE-07A4-4289-9F6B-8009864332A1}.x86|Any CPU.ActiveCfg = Debug|Any CPU
		{FA70A4FE-07A4-4289-9F6B-8009864332A1}.x86|Any CPU.Build.0 = Debug|Any CPU
		{FA70A4FE-07A4-4289-9F6B-8009864332A1}.x86|x86.ActiveCfg = Debug|Any CPU
		{FA70A4FE-07A4-4289-9F6B-8009864332A1}.x86|x86.Build.0 = Debug|Any CPU
		{C051FC51-8422-4ECC-B549-38E5AF19B334}.Debug|Any CPU.ActiveCfg = Debug|Any CPU
		{C051FC51-8422-4ECC-B549-38E5AF19B334}.Debug|Any CPU.Build.0 = Debug|Any CPU
		{C051FC51-8422-4ECC-B549-38E5AF19B334}.Debug|x86.ActiveCfg = Debug|Any CPU
		{C051FC51-8422-4ECC-B549-38E5AF19B334}.Debug|x86.Build.0 = Debug|Any CPU
		{C051FC51-8422-4ECC-B549-38E5AF19B334}.Release|Any CPU.ActiveCfg = Release|Any CPU
		{C051FC51-8422-4ECC-B549-38E5AF19B334}.Release|Any CPU.Build.0 = Release|Any CPU
		{C051FC51-8422-4ECC-B549-38E5AF19B334}.Release|x86.ActiveCfg = Release|Any CPU
		{C051FC51-8422-4ECC-B549-38E5AF19B334}.Release|x86.Build.0 = Release|Any CPU
		{C051FC51-8422-4ECC-B549-38E5AF19B334}.x86|Any CPU.ActiveCfg = Debug|Any CPU
		{C051FC51-8422-4ECC-B549-38E5AF19B334}.x86|Any CPU.Build.0 = Debug|Any CPU
		{C051FC51-8422-4ECC-B549-38E5AF19B334}.x86|x86.ActiveCfg = Debug|Any CPU
		{C051FC51-8422-4ECC-B549-38E5AF19B334}.x86|x86.Build.0 = Debug|Any CPU
		{728C3656-D039-4F7B-8796-ACB59F9BF446}.Debug|Any CPU.ActiveCfg = Debug|Any CPU
		{728C3656-D039-4F7B-8796-ACB59F9BF446}.Debug|Any CPU.Build.0 = Debug|Any CPU
		{728C3656-D039-4F7B-8796-ACB59F9BF446}.Debug|x86.ActiveCfg = Debug|Any CPU
		{728C3656-D039-4F7B-8796-ACB59F9BF446}.Debug|x86.Build.0 = Debug|Any CPU
		{728C3656-D039-4F7B-8796-ACB59F9BF446}.Release|Any CPU.ActiveCfg = Release|Any CPU
		{728C3656-D039-4F7B-8796-ACB59F9BF446}.Release|Any CPU.Build.0 = Release|Any CPU
		{728C3656-D039-4F7B-8796-ACB59F9BF446}.Release|x86.ActiveCfg = Release|Any CPU
		{728C3656-D039-4F7B-8796-ACB59F9BF446}.Release|x86.Build.0 = Release|Any CPU
		{728C3656-D039-4F7B-8796-ACB59F9BF446}.x86|Any CPU.ActiveCfg = Debug|Any CPU
		{728C3656-D039-4F7B-8796-ACB59F9BF446}.x86|Any CPU.Build.0 = Debug|Any CPU
		{728C3656-D039-4F7B-8796-ACB59F9BF446}.x86|x86.ActiveCfg = Debug|Any CPU
		{728C3656-D039-4F7B-8796-ACB59F9BF446}.x86|x86.Build.0 = Debug|Any CPU
		{A2A31854-3FB5-4979-A39E-13EA954B253E}.Debug|Any CPU.ActiveCfg = Debug|Any CPU
		{A2A31854-3FB5-4979-A39E-13EA954B253E}.Debug|Any CPU.Build.0 = Debug|Any CPU
		{A2A31854-3FB5-4979-A39E-13EA954B253E}.Debug|x86.ActiveCfg = Debug|Any CPU
		{A2A31854-3FB5-4979-A39E-13EA954B253E}.Debug|x86.Build.0 = Debug|Any CPU
		{A2A31854-3FB5-4979-A39E-13EA954B253E}.Release|Any CPU.ActiveCfg = Release|Any CPU
		{A2A31854-3FB5-4979-A39E-13EA954B253E}.Release|Any CPU.Build.0 = Release|Any CPU
		{A2A31854-3FB5-4979-A39E-13EA954B253E}.Release|x86.ActiveCfg = Release|Any CPU
		{A2A31854-3FB5-4979-A39E-13EA954B253E}.Release|x86.Build.0 = Release|Any CPU
		{A2A31854-3FB5-4979-A39E-13EA954B253E}.x86|Any CPU.ActiveCfg = Debug|Any CPU
		{A2A31854-3FB5-4979-A39E-13EA954B253E}.x86|Any CPU.Build.0 = Debug|Any CPU
		{A2A31854-3FB5-4979-A39E-13EA954B253E}.x86|x86.ActiveCfg = Debug|Any CPU
		{A2A31854-3FB5-4979-A39E-13EA954B253E}.x86|x86.Build.0 = Debug|Any CPU
		{89BA5EEA-D36D-47F7-9286-132DA8BD5FA9}.Debug|Any CPU.ActiveCfg = Debug|Any CPU
		{89BA5EEA-D36D-47F7-9286-132DA8BD5FA9}.Debug|Any CPU.Build.0 = Debug|Any CPU
		{89BA5EEA-D36D-47F7-9286-132DA8BD5FA9}.Debug|x86.ActiveCfg = Debug|Any CPU
		{89BA5EEA-D36D-47F7-9286-132DA8BD5FA9}.Debug|x86.Build.0 = Debug|Any CPU
		{89BA5EEA-D36D-47F7-9286-132DA8BD5FA9}.Release|Any CPU.ActiveCfg = Release|Any CPU
		{89BA5EEA-D36D-47F7-9286-132DA8BD5FA9}.Release|Any CPU.Build.0 = Release|Any CPU
		{89BA5EEA-D36D-47F7-9286-132DA8BD5FA9}.Release|x86.ActiveCfg = Release|Any CPU
		{89BA5EEA-D36D-47F7-9286-132DA8BD5FA9}.Release|x86.Build.0 = Release|Any CPU
		{89BA5EEA-D36D-47F7-9286-132DA8BD5FA9}.x86|Any CPU.ActiveCfg = Debug|Any CPU
		{89BA5EEA-D36D-47F7-9286-132DA8BD5FA9}.x86|Any CPU.Build.0 = Debug|Any CPU
		{89BA5EEA-D36D-47F7-9286-132DA8BD5FA9}.x86|x86.ActiveCfg = Debug|Any CPU
		{89BA5EEA-D36D-47F7-9286-132DA8BD5FA9}.x86|x86.Build.0 = Debug|Any CPU
		{F73548E6-810F-4C8E-B4C8-B13575F98B69}.Debug|Any CPU.ActiveCfg = Debug|Any CPU
		{F73548E6-810F-4C8E-B4C8-B13575F98B69}.Debug|Any CPU.Build.0 = Debug|Any CPU
		{F73548E6-810F-4C8E-B4C8-B13575F98B69}.Debug|x86.ActiveCfg = Debug|Any CPU
		{F73548E6-810F-4C8E-B4C8-B13575F98B69}.Debug|x86.Build.0 = Debug|Any CPU
		{F73548E6-810F-4C8E-B4C8-B13575F98B69}.Release|Any CPU.ActiveCfg = Release|Any CPU
		{F73548E6-810F-4C8E-B4C8-B13575F98B69}.Release|Any CPU.Build.0 = Release|Any CPU
		{F73548E6-810F-4C8E-B4C8-B13575F98B69}.Release|x86.ActiveCfg = Release|Any CPU
		{F73548E6-810F-4C8E-B4C8-B13575F98B69}.Release|x86.Build.0 = Release|Any CPU
		{F73548E6-810F-4C8E-B4C8-B13575F98B69}.x86|Any CPU.ActiveCfg = Debug|Any CPU
		{F73548E6-810F-4C8E-B4C8-B13575F98B69}.x86|Any CPU.Build.0 = Debug|Any CPU
		{F73548E6-810F-4C8E-B4C8-B13575F98B69}.x86|x86.ActiveCfg = Debug|Any CPU
		{F73548E6-810F-4C8E-B4C8-B13575F98B69}.x86|x86.Build.0 = Debug|Any CPU
		{6689AC74-0442-419B-95A6-9DF7DBE99D5A}.Debug|Any CPU.ActiveCfg = Debug|Any CPU
		{6689AC74-0442-419B-95A6-9DF7DBE99D5A}.Debug|Any CPU.Build.0 = Debug|Any CPU
		{6689AC74-0442-419B-95A6-9DF7DBE99D5A}.Debug|x86.ActiveCfg = Debug|Any CPU
		{6689AC74-0442-419B-95A6-9DF7DBE99D5A}.Debug|x86.Build.0 = Debug|Any CPU
		{6689AC74-0442-419B-95A6-9DF7DBE99D5A}.Release|Any CPU.ActiveCfg = Release|Any CPU
		{6689AC74-0442-419B-95A6-9DF7DBE99D5A}.Release|Any CPU.Build.0 = Release|Any CPU
		{6689AC74-0442-419B-95A6-9DF7DBE99D5A}.Release|x86.ActiveCfg = Release|Any CPU
		{6689AC74-0442-419B-95A6-9DF7DBE99D5A}.Release|x86.Build.0 = Release|Any CPU
		{6689AC74-0442-419B-95A6-9DF7DBE99D5A}.x86|Any CPU.ActiveCfg = Debug|Any CPU
		{6689AC74-0442-419B-95A6-9DF7DBE99D5A}.x86|Any CPU.Build.0 = Debug|Any CPU
		{6689AC74-0442-419B-95A6-9DF7DBE99D5A}.x86|x86.ActiveCfg = Debug|Any CPU
		{6689AC74-0442-419B-95A6-9DF7DBE99D5A}.x86|x86.Build.0 = Debug|Any CPU
		{6A9D6090-244A-48D1-B509-64AFEE7B569D}.Debug|Any CPU.ActiveCfg = Debug|Any CPU
		{6A9D6090-244A-48D1-B509-64AFEE7B569D}.Debug|Any CPU.Build.0 = Debug|Any CPU
		{6A9D6090-244A-48D1-B509-64AFEE7B569D}.Debug|x86.ActiveCfg = Debug|Any CPU
		{6A9D6090-244A-48D1-B509-64AFEE7B569D}.Debug|x86.Build.0 = Debug|Any CPU
		{6A9D6090-244A-48D1-B509-64AFEE7B569D}.Release|Any CPU.ActiveCfg = Release|Any CPU
		{6A9D6090-244A-48D1-B509-64AFEE7B569D}.Release|Any CPU.Build.0 = Release|Any CPU
		{6A9D6090-244A-48D1-B509-64AFEE7B569D}.Release|x86.ActiveCfg = Release|Any CPU
		{6A9D6090-244A-48D1-B509-64AFEE7B569D}.Release|x86.Build.0 = Release|Any CPU
		{6A9D6090-244A-48D1-B509-64AFEE7B569D}.x86|Any CPU.ActiveCfg = Debug|Any CPU
		{6A9D6090-244A-48D1-B509-64AFEE7B569D}.x86|Any CPU.Build.0 = Debug|Any CPU
		{6A9D6090-244A-48D1-B509-64AFEE7B569D}.x86|x86.ActiveCfg = Debug|Any CPU
		{6A9D6090-244A-48D1-B509-64AFEE7B569D}.x86|x86.Build.0 = Debug|Any CPU
		{533BD5A1-302E-40FB-8408-75F2D668FCF4}.Debug|Any CPU.ActiveCfg = Debug|Any CPU
		{533BD5A1-302E-40FB-8408-75F2D668FCF4}.Debug|Any CPU.Build.0 = Debug|Any CPU
		{533BD5A1-302E-40FB-8408-75F2D668FCF4}.Debug|x86.ActiveCfg = Debug|Any CPU
		{533BD5A1-302E-40FB-8408-75F2D668FCF4}.Debug|x86.Build.0 = Debug|Any CPU
		{533BD5A1-302E-40FB-8408-75F2D668FCF4}.Release|Any CPU.ActiveCfg = Release|Any CPU
		{533BD5A1-302E-40FB-8408-75F2D668FCF4}.Release|Any CPU.Build.0 = Release|Any CPU
		{533BD5A1-302E-40FB-8408-75F2D668FCF4}.Release|x86.ActiveCfg = Release|Any CPU
		{533BD5A1-302E-40FB-8408-75F2D668FCF4}.Release|x86.Build.0 = Release|Any CPU
		{533BD5A1-302E-40FB-8408-75F2D668FCF4}.x86|Any CPU.ActiveCfg = Debug|Any CPU
		{533BD5A1-302E-40FB-8408-75F2D668FCF4}.x86|Any CPU.Build.0 = Debug|Any CPU
		{533BD5A1-302E-40FB-8408-75F2D668FCF4}.x86|x86.ActiveCfg = Debug|Any CPU
		{533BD5A1-302E-40FB-8408-75F2D668FCF4}.x86|x86.Build.0 = Debug|Any CPU
		{F94D48E3-79F5-45C1-BF7A-A942D9996F7D}.Debug|Any CPU.ActiveCfg = Debug|Any CPU
		{F94D48E3-79F5-45C1-BF7A-A942D9996F7D}.Debug|Any CPU.Build.0 = Debug|Any CPU
		{F94D48E3-79F5-45C1-BF7A-A942D9996F7D}.Debug|x86.ActiveCfg = Debug|Any CPU
		{F94D48E3-79F5-45C1-BF7A-A942D9996F7D}.Debug|x86.Build.0 = Debug|Any CPU
		{F94D48E3-79F5-45C1-BF7A-A942D9996F7D}.Release|Any CPU.ActiveCfg = Release|Any CPU
		{F94D48E3-79F5-45C1-BF7A-A942D9996F7D}.Release|Any CPU.Build.0 = Release|Any CPU
		{F94D48E3-79F5-45C1-BF7A-A942D9996F7D}.Release|x86.ActiveCfg = Release|Any CPU
		{F94D48E3-79F5-45C1-BF7A-A942D9996F7D}.Release|x86.Build.0 = Release|Any CPU
		{F94D48E3-79F5-45C1-BF7A-A942D9996F7D}.x86|Any CPU.ActiveCfg = Debug|Any CPU
		{F94D48E3-79F5-45C1-BF7A-A942D9996F7D}.x86|Any CPU.Build.0 = Debug|Any CPU
		{F94D48E3-79F5-45C1-BF7A-A942D9996F7D}.x86|x86.ActiveCfg = Debug|Any CPU
		{F94D48E3-79F5-45C1-BF7A-A942D9996F7D}.x86|x86.Build.0 = Debug|Any CPU
		{98E2E483-7D30-495E-88F4-69B2797434AF}.Debug|Any CPU.ActiveCfg = Debug|Any CPU
		{98E2E483-7D30-495E-88F4-69B2797434AF}.Debug|Any CPU.Build.0 = Debug|Any CPU
		{98E2E483-7D30-495E-88F4-69B2797434AF}.Debug|x86.ActiveCfg = Debug|Any CPU
		{98E2E483-7D30-495E-88F4-69B2797434AF}.Debug|x86.Build.0 = Debug|Any CPU
		{98E2E483-7D30-495E-88F4-69B2797434AF}.Release|Any CPU.ActiveCfg = Release|Any CPU
		{98E2E483-7D30-495E-88F4-69B2797434AF}.Release|Any CPU.Build.0 = Release|Any CPU
		{98E2E483-7D30-495E-88F4-69B2797434AF}.Release|x86.ActiveCfg = Release|Any CPU
		{98E2E483-7D30-495E-88F4-69B2797434AF}.Release|x86.Build.0 = Release|Any CPU
		{98E2E483-7D30-495E-88F4-69B2797434AF}.x86|Any CPU.ActiveCfg = Debug|Any CPU
		{98E2E483-7D30-495E-88F4-69B2797434AF}.x86|Any CPU.Build.0 = Debug|Any CPU
		{98E2E483-7D30-495E-88F4-69B2797434AF}.x86|x86.ActiveCfg = Debug|Any CPU
		{98E2E483-7D30-495E-88F4-69B2797434AF}.x86|x86.Build.0 = Debug|Any CPU
		{791058A5-80E8-4C98-ABB1-18A35F2EFD8B}.Debug|Any CPU.ActiveCfg = Debug|Any CPU
		{791058A5-80E8-4C98-ABB1-18A35F2EFD8B}.Debug|Any CPU.Build.0 = Debug|Any CPU
		{791058A5-80E8-4C98-ABB1-18A35F2EFD8B}.Debug|x86.ActiveCfg = Debug|Any CPU
		{791058A5-80E8-4C98-ABB1-18A35F2EFD8B}.Debug|x86.Build.0 = Debug|Any CPU
		{791058A5-80E8-4C98-ABB1-18A35F2EFD8B}.Release|Any CPU.ActiveCfg = Release|Any CPU
		{791058A5-80E8-4C98-ABB1-18A35F2EFD8B}.Release|Any CPU.Build.0 = Release|Any CPU
		{791058A5-80E8-4C98-ABB1-18A35F2EFD8B}.Release|x86.ActiveCfg = Release|Any CPU
		{791058A5-80E8-4C98-ABB1-18A35F2EFD8B}.Release|x86.Build.0 = Release|Any CPU
		{791058A5-80E8-4C98-ABB1-18A35F2EFD8B}.x86|Any CPU.ActiveCfg = Debug|Any CPU
		{791058A5-80E8-4C98-ABB1-18A35F2EFD8B}.x86|Any CPU.Build.0 = Debug|Any CPU
		{791058A5-80E8-4C98-ABB1-18A35F2EFD8B}.x86|x86.ActiveCfg = Debug|Any CPU
		{791058A5-80E8-4C98-ABB1-18A35F2EFD8B}.x86|x86.Build.0 = Debug|Any CPU
		{7298EF5E-DA0A-41DB-A863-2FDF53FA85EE}.Debug|Any CPU.ActiveCfg = Debug|Any CPU
		{7298EF5E-DA0A-41DB-A863-2FDF53FA85EE}.Debug|Any CPU.Build.0 = Debug|Any CPU
		{7298EF5E-DA0A-41DB-A863-2FDF53FA85EE}.Debug|x86.ActiveCfg = Debug|Any CPU
		{7298EF5E-DA0A-41DB-A863-2FDF53FA85EE}.Debug|x86.Build.0 = Debug|Any CPU
		{7298EF5E-DA0A-41DB-A863-2FDF53FA85EE}.Release|Any CPU.ActiveCfg = Release|Any CPU
		{7298EF5E-DA0A-41DB-A863-2FDF53FA85EE}.Release|Any CPU.Build.0 = Release|Any CPU
		{7298EF5E-DA0A-41DB-A863-2FDF53FA85EE}.Release|x86.ActiveCfg = Release|Any CPU
		{7298EF5E-DA0A-41DB-A863-2FDF53FA85EE}.Release|x86.Build.0 = Release|Any CPU
		{7298EF5E-DA0A-41DB-A863-2FDF53FA85EE}.x86|Any CPU.ActiveCfg = Debug|Any CPU
		{7298EF5E-DA0A-41DB-A863-2FDF53FA85EE}.x86|Any CPU.Build.0 = Debug|Any CPU
		{7298EF5E-DA0A-41DB-A863-2FDF53FA85EE}.x86|x86.ActiveCfg = Debug|Any CPU
		{7298EF5E-DA0A-41DB-A863-2FDF53FA85EE}.x86|x86.Build.0 = Debug|Any CPU
		{A1A01CA5-24BF-4F9A-8F4A-68308E89A056}.Debug|Any CPU.ActiveCfg = Debug|Any CPU
		{A1A01CA5-24BF-4F9A-8F4A-68308E89A056}.Debug|Any CPU.Build.0 = Debug|Any CPU
		{A1A01CA5-24BF-4F9A-8F4A-68308E89A056}.Debug|x86.ActiveCfg = Debug|Any CPU
		{A1A01CA5-24BF-4F9A-8F4A-68308E89A056}.Debug|x86.Build.0 = Debug|Any CPU
		{A1A01CA5-24BF-4F9A-8F4A-68308E89A056}.Release|Any CPU.ActiveCfg = Release|Any CPU
		{A1A01CA5-24BF-4F9A-8F4A-68308E89A056}.Release|Any CPU.Build.0 = Release|Any CPU
		{A1A01CA5-24BF-4F9A-8F4A-68308E89A056}.Release|x86.ActiveCfg = Release|Any CPU
		{A1A01CA5-24BF-4F9A-8F4A-68308E89A056}.Release|x86.Build.0 = Release|Any CPU
		{A1A01CA5-24BF-4F9A-8F4A-68308E89A056}.x86|Any CPU.ActiveCfg = Debug|Any CPU
		{A1A01CA5-24BF-4F9A-8F4A-68308E89A056}.x86|Any CPU.Build.0 = Debug|Any CPU
		{A1A01CA5-24BF-4F9A-8F4A-68308E89A056}.x86|x86.ActiveCfg = Debug|Any CPU
		{A1A01CA5-24BF-4F9A-8F4A-68308E89A056}.x86|x86.Build.0 = Debug|Any CPU
		{EA21C64F-3A62-4BB3-9A7C-68DD4EF0E874}.Debug|Any CPU.ActiveCfg = Debug|Any CPU
		{EA21C64F-3A62-4BB3-9A7C-68DD4EF0E874}.Debug|Any CPU.Build.0 = Debug|Any CPU
		{EA21C64F-3A62-4BB3-9A7C-68DD4EF0E874}.Debug|x86.ActiveCfg = Debug|Any CPU
		{EA21C64F-3A62-4BB3-9A7C-68DD4EF0E874}.Debug|x86.Build.0 = Debug|Any CPU
		{EA21C64F-3A62-4BB3-9A7C-68DD4EF0E874}.Release|Any CPU.ActiveCfg = Release|Any CPU
		{EA21C64F-3A62-4BB3-9A7C-68DD4EF0E874}.Release|Any CPU.Build.0 = Release|Any CPU
		{EA21C64F-3A62-4BB3-9A7C-68DD4EF0E874}.Release|x86.ActiveCfg = Release|Any CPU
		{EA21C64F-3A62-4BB3-9A7C-68DD4EF0E874}.Release|x86.Build.0 = Release|Any CPU
		{EA21C64F-3A62-4BB3-9A7C-68DD4EF0E874}.x86|Any CPU.ActiveCfg = Debug|Any CPU
		{EA21C64F-3A62-4BB3-9A7C-68DD4EF0E874}.x86|Any CPU.Build.0 = Debug|Any CPU
		{EA21C64F-3A62-4BB3-9A7C-68DD4EF0E874}.x86|x86.ActiveCfg = Debug|Any CPU
		{EA21C64F-3A62-4BB3-9A7C-68DD4EF0E874}.x86|x86.Build.0 = Debug|Any CPU
		{B75E2408-E832-4CC8-837E-585BB457CADF}.Debug|Any CPU.ActiveCfg = Debug|Any CPU
		{B75E2408-E832-4CC8-837E-585BB457CADF}.Debug|Any CPU.Build.0 = Debug|Any CPU
		{B75E2408-E832-4CC8-837E-585BB457CADF}.Debug|x86.ActiveCfg = Debug|Any CPU
		{B75E2408-E832-4CC8-837E-585BB457CADF}.Debug|x86.Build.0 = Debug|Any CPU
		{B75E2408-E832-4CC8-837E-585BB457CADF}.Release|Any CPU.ActiveCfg = Release|Any CPU
		{B75E2408-E832-4CC8-837E-585BB457CADF}.Release|Any CPU.Build.0 = Release|Any CPU
		{B75E2408-E832-4CC8-837E-585BB457CADF}.Release|x86.ActiveCfg = Release|Any CPU
		{B75E2408-E832-4CC8-837E-585BB457CADF}.Release|x86.Build.0 = Release|Any CPU
		{B75E2408-E832-4CC8-837E-585BB457CADF}.x86|Any CPU.ActiveCfg = Debug|Any CPU
		{B75E2408-E832-4CC8-837E-585BB457CADF}.x86|Any CPU.Build.0 = Debug|Any CPU
		{B75E2408-E832-4CC8-837E-585BB457CADF}.x86|x86.ActiveCfg = Debug|Any CPU
		{B75E2408-E832-4CC8-837E-585BB457CADF}.x86|x86.Build.0 = Debug|Any CPU
		{DB97947C-C2AF-48DC-B227-1C56603C97E6}.Debug|Any CPU.ActiveCfg = Debug|Any CPU
		{DB97947C-C2AF-48DC-B227-1C56603C97E6}.Debug|Any CPU.Build.0 = Debug|Any CPU
		{DB97947C-C2AF-48DC-B227-1C56603C97E6}.Debug|x86.ActiveCfg = Debug|Any CPU
		{DB97947C-C2AF-48DC-B227-1C56603C97E6}.Debug|x86.Build.0 = Debug|Any CPU
		{DB97947C-C2AF-48DC-B227-1C56603C97E6}.Release|Any CPU.ActiveCfg = Release|Any CPU
		{DB97947C-C2AF-48DC-B227-1C56603C97E6}.Release|Any CPU.Build.0 = Release|Any CPU
		{DB97947C-C2AF-48DC-B227-1C56603C97E6}.Release|x86.ActiveCfg = Release|Any CPU
		{DB97947C-C2AF-48DC-B227-1C56603C97E6}.Release|x86.Build.0 = Release|Any CPU
		{DB97947C-C2AF-48DC-B227-1C56603C97E6}.x86|Any CPU.ActiveCfg = Debug|Any CPU
		{DB97947C-C2AF-48DC-B227-1C56603C97E6}.x86|Any CPU.Build.0 = Debug|Any CPU
		{DB97947C-C2AF-48DC-B227-1C56603C97E6}.x86|x86.ActiveCfg = Debug|Any CPU
		{DB97947C-C2AF-48DC-B227-1C56603C97E6}.x86|x86.Build.0 = Debug|Any CPU
		{C94FC7E8-D640-456F-8C9E-579E68C49DC7}.Debug|Any CPU.ActiveCfg = Debug|Any CPU
		{C94FC7E8-D640-456F-8C9E-579E68C49DC7}.Debug|Any CPU.Build.0 = Debug|Any CPU
		{C94FC7E8-D640-456F-8C9E-579E68C49DC7}.Debug|x86.ActiveCfg = Debug|Any CPU
		{C94FC7E8-D640-456F-8C9E-579E68C49DC7}.Debug|x86.Build.0 = Debug|Any CPU
		{C94FC7E8-D640-456F-8C9E-579E68C49DC7}.Release|Any CPU.ActiveCfg = Release|Any CPU
		{C94FC7E8-D640-456F-8C9E-579E68C49DC7}.Release|Any CPU.Build.0 = Release|Any CPU
		{C94FC7E8-D640-456F-8C9E-579E68C49DC7}.Release|x86.ActiveCfg = Release|Any CPU
		{C94FC7E8-D640-456F-8C9E-579E68C49DC7}.Release|x86.Build.0 = Release|Any CPU
		{C94FC7E8-D640-456F-8C9E-579E68C49DC7}.x86|Any CPU.ActiveCfg = Debug|Any CPU
		{C94FC7E8-D640-456F-8C9E-579E68C49DC7}.x86|Any CPU.Build.0 = Debug|Any CPU
		{C94FC7E8-D640-456F-8C9E-579E68C49DC7}.x86|x86.ActiveCfg = Debug|Any CPU
		{C94FC7E8-D640-456F-8C9E-579E68C49DC7}.x86|x86.Build.0 = Debug|Any CPU
		{E007B556-A5FB-49ED-B8B9-96F884E2243D}.Debug|Any CPU.ActiveCfg = Debug|Any CPU
		{E007B556-A5FB-49ED-B8B9-96F884E2243D}.Debug|Any CPU.Build.0 = Debug|Any CPU
		{E007B556-A5FB-49ED-B8B9-96F884E2243D}.Debug|x86.ActiveCfg = Debug|Any CPU
		{E007B556-A5FB-49ED-B8B9-96F884E2243D}.Debug|x86.Build.0 = Debug|Any CPU
		{E007B556-A5FB-49ED-B8B9-96F884E2243D}.Release|Any CPU.ActiveCfg = Release|Any CPU
		{E007B556-A5FB-49ED-B8B9-96F884E2243D}.Release|Any CPU.Build.0 = Release|Any CPU
		{E007B556-A5FB-49ED-B8B9-96F884E2243D}.Release|x86.ActiveCfg = Release|Any CPU
		{E007B556-A5FB-49ED-B8B9-96F884E2243D}.Release|x86.Build.0 = Release|Any CPU
		{E007B556-A5FB-49ED-B8B9-96F884E2243D}.x86|Any CPU.ActiveCfg = Debug|Any CPU
		{E007B556-A5FB-49ED-B8B9-96F884E2243D}.x86|Any CPU.Build.0 = Debug|Any CPU
		{E007B556-A5FB-49ED-B8B9-96F884E2243D}.x86|x86.ActiveCfg = Debug|Any CPU
		{E007B556-A5FB-49ED-B8B9-96F884E2243D}.x86|x86.Build.0 = Debug|Any CPU
	EndGlobalSection
	GlobalSection(SolutionProperties) = preSolution
		HideSolutionNode = FALSE
	EndGlobalSection
	GlobalSection(NestedProjects) = preSolution
		{871AD324-9FD2-4EB3-AD3C-9DE66947AC52} = {86AFE19A-2DFA-4194-86A1-A0E543679921}
		{98D9F47F-C4B3-4EF3-9888-40209E9D689E} = {FF56C05E-C8BE-40A4-B9B1-762925076F0F}
		{D185808C-5D43-454A-9468-829E122C2C2A} = {FF56C05E-C8BE-40A4-B9B1-762925076F0F}
		{B4BEDA46-4D62-4709-92A1-9D5B39BE8F31} = {FF56C05E-C8BE-40A4-B9B1-762925076F0F}
		{EE2B7832-0F22-426E-8C85-4E7CC4D636A8} = {CAB93BD4-DD3C-45E3-961C-65185DEAE372}
		{87833BC9-6669-4B51-932D-33284E57C794} = {CAB93BD4-DD3C-45E3-961C-65185DEAE372}
		{CAB93BD4-DD3C-45E3-961C-65185DEAE372} = {47754E9A-A4FE-42DC-8280-75CFE3319B18}
		{A81B09ED-C936-4C60-BE8F-223D5D3FCE8D} = {5476A29B-D1C5-4E71-8362-428947F253F0}
		{E7D68911-25A1-4DAB-8EA3-372CC41FDF05} = {47754E9A-A4FE-42DC-8280-75CFE3319B18}
		{09A83217-3D5A-4110-8590-C0E42BFA7700} = {47754E9A-A4FE-42DC-8280-75CFE3319B18}
		{E987EC5E-563C-48D9-932F-1DFBC545752D} = {89AAEC33-A903-4B07-9DD5-6EAFCBD9771E}
		{EB5417EA-362A-40B6-8B2A-E48BC45C9C05} = {89AAEC33-A903-4B07-9DD5-6EAFCBD9771E}
		{654608E6-4BB3-4D7F-8F39-144C1318AA7B} = {89AAEC33-A903-4B07-9DD5-6EAFCBD9771E}
		{89AAEC33-A903-4B07-9DD5-6EAFCBD9771E} = {47754E9A-A4FE-42DC-8280-75CFE3319B18}
		{1C7B3C53-824B-48F5-90FC-13308547F23D} = {47754E9A-A4FE-42DC-8280-75CFE3319B18}
		{4A66B269-F295-4D6E-9E39-B6C3F4F3595E} = {47754E9A-A4FE-42DC-8280-75CFE3319B18}
		{BDE11881-79CA-4B2C-B3FF-E4FA99ADC2FB} = {86AFE19A-2DFA-4194-86A1-A0E543679921}
		{86A01E2B-0B8B-41CB-B747-A571146875A2} = {FF56C05E-C8BE-40A4-B9B1-762925076F0F}
		{744C1DFB-BF03-40B2-9694-33F1A0006CEF} = {47754E9A-A4FE-42DC-8280-75CFE3319B18}
		{9DB49744-FC86-4406-8EE0-355E96C435CF} = {744C1DFB-BF03-40B2-9694-33F1A0006CEF}
		{5C67FD95-63EB-4AED-91CB-631EEACFB927} = {47754E9A-A4FE-42DC-8280-75CFE3319B18}
		{8026868A-4009-4257-B921-CED9F62389EB} = {47754E9A-A4FE-42DC-8280-75CFE3319B18}
		{9E67B135-ED55-46F0-A64F-76236C2BD903} = {1C7B3C53-824B-48F5-90FC-13308547F23D}
		{9BC8B3E1-B5FD-4022-88C6-215A87EFBDA1} = {89AAEC33-A903-4B07-9DD5-6EAFCBD9771E}
		{BB4A4762-E197-42EA-ADF9-96FEECB8B4F6} = {4A66B269-F295-4D6E-9E39-B6C3F4F3595E}
		{5BC50C7F-3CFC-4D6C-A81D-8602FB6F788E} = {47754E9A-A4FE-42DC-8280-75CFE3319B18}
		{396C644A-EF7F-4FC4-A7D0-C7F0B1DFD34B} = {5476A29B-D1C5-4E71-8362-428947F253F0}
		{5476A29B-D1C5-4E71-8362-428947F253F0} = {47754E9A-A4FE-42DC-8280-75CFE3319B18}
		{D72D8B0E-0BDB-4901-BDF7-626B5ED623C6} = {5476A29B-D1C5-4E71-8362-428947F253F0}
		{12F5522A-6250-49DF-A4E1-67474E330661} = {5476A29B-D1C5-4E71-8362-428947F253F0}
		{4FA37B63-990C-49CC-8A78-698880B10C49} = {47754E9A-A4FE-42DC-8280-75CFE3319B18}
		{C17327F3-7780-4A72-AC26-7EC7735D78CC} = {4FA37B63-990C-49CC-8A78-698880B10C49}
		{145F545E-BE24-4B20-B695-AA058113E974} = {EAEAEA63-A70B-464D-A139-61FAA7B61A7F}
		{31940304-EF06-4104-94B4-59B40331391E} = {88786F7E-C715-4CF0-82B6-04CFAAA5926F}
		{48AAD630-7A91-49C9-9C02-619043A77AB7} = {88786F7E-C715-4CF0-82B6-04CFAAA5926F}
		{FA70A4FE-07A4-4289-9F6B-8009864332A1} = {88786F7E-C715-4CF0-82B6-04CFAAA5926F}
		{C051FC51-8422-4ECC-B549-38E5AF19B334} = {959541EE-4115-4F03-8711-F832F25E1BB2}
		{728C3656-D039-4F7B-8796-ACB59F9BF446} = {959541EE-4115-4F03-8711-F832F25E1BB2}
		{A2A31854-3FB5-4979-A39E-13EA954B253E} = {959541EE-4115-4F03-8711-F832F25E1BB2}
		{89BA5EEA-D36D-47F7-9286-132DA8BD5FA9} = {5476A29B-D1C5-4E71-8362-428947F253F0}
		{F73548E6-810F-4C8E-B4C8-B13575F98B69} = {959541EE-4115-4F03-8711-F832F25E1BB2}
		{6689AC74-0442-419B-95A6-9DF7DBE99D5A} = {959541EE-4115-4F03-8711-F832F25E1BB2}
		{6A9D6090-244A-48D1-B509-64AFEE7B569D} = {959541EE-4115-4F03-8711-F832F25E1BB2}
		{533BD5A1-302E-40FB-8408-75F2D668FCF4} = {C9B2A1FB-7131-4E00-91FD-144D6DF7ECF4}
		{F94D48E3-79F5-45C1-BF7A-A942D9996F7D} = {4FA37B63-990C-49CC-8A78-698880B10C49}
		{98E2E483-7D30-495E-88F4-69B2797434AF} = {1B83C595-4F67-4060-A568-6E15DA2317C2}
		{791058A5-80E8-4C98-ABB1-18A35F2EFD8B} = {1B83C595-4F67-4060-A568-6E15DA2317C2}
		{7298EF5E-DA0A-41DB-A863-2FDF53FA85EE} = {1B83C595-4F67-4060-A568-6E15DA2317C2}
		{A1A01CA5-24BF-4F9A-8F4A-68308E89A056} = {1B83C595-4F67-4060-A568-6E15DA2317C2}
		{EA21C64F-3A62-4BB3-9A7C-68DD4EF0E874} = {1B83C595-4F67-4060-A568-6E15DA2317C2}
		{B75E2408-E832-4CC8-837E-585BB457CADF} = {1B83C595-4F67-4060-A568-6E15DA2317C2}
		{DB97947C-C2AF-48DC-B227-1C56603C97E6} = {1B83C595-4F67-4060-A568-6E15DA2317C2}
		{B5D91583-1EB4-4B3C-8288-88FD13E35556} = {1B83C595-4F67-4060-A568-6E15DA2317C2}
		{C94FC7E8-D640-456F-8C9E-579E68C49DC7} = {1B83C595-4F67-4060-A568-6E15DA2317C2}
		{E007B556-A5FB-49ED-B8B9-96F884E2243D} = {1B83C595-4F67-4060-A568-6E15DA2317C2}
	EndGlobalSection
	GlobalSection(ExtensibilityGlobals) = postSolution
		SolutionGuid = {080094DB-7666-459B-88F8-5F017533DAA6}
	EndGlobalSection
	GlobalSection(SharedMSBuildProjectFiles) = preSolution
		..\BeepDM\DataManagmentEngineShared\DataManagmentEngineShared.projitems*{b5d91583-1eb4-4b3c-8288-88fd13e35556}*SharedItemsImports = 13
		..\BeepDM\DataManagmentEngineShared\DataManagmentEngineShared.projitems*{c94fc7e8-d640-456f-8c9e-579e68c49dc7}*SharedItemsImports = 5
		..\BeepDM\DataManagmentEngineShared\DataManagmentEngineShared.projitems*{e007b556-a5fb-49ed-b8b9-96f884e2243d}*SharedItemsImports = 5
	EndGlobalSection
EndGlobal
