
Microsoft Visual Studio Solution File, Format Version 12.00
# Visual Studio Version 17
VisualStudioVersion = 17.0.31919.166
MinimumVisualStudioVersion = 10.0.40219.1
Project("{FAE04EC0-301F-11D3-BF4B-00C04F79EFBC}") = "DXReportBuilder", "Plugin\DXReportBuilder\DXReportBuilder.csproj", "{0B437803-244C-4B3E-9BC6-D2F33AD3D685}"
EndProject
Project("{2150E333-8FDC-42A3-9474-1A3956D46DE8}") = "Solution Items", "Solution Items", "{5AEABBEA-3D24-433A-95DA-91F3750E70C8}"
	ProjectSection(SolutionItems) = preProject
		.editorconfig = .editorconfig
	EndProjectSection
EndProject
Project("{2150E333-8FDC-42A3-9474-1A3956D46DE8}") = "Plugin", "Plugin", "{47754E9A-A4FE-42DC-8280-75CFE3319B18}"
EndProject
Project("{9A19103F-16F7-4668-BE54-9A1E7A4F7556}") = "BeepContainersModel", "BeepContainersModel\BeepContainersModel.csproj", "{871AD324-9FD2-4EB3-AD3C-9DE66947AC52}"
EndProject
Project("{2150E333-8FDC-42A3-9474-1A3956D46DE8}") = "Winform", "Winform", "{FF56C05E-C8BE-40A4-B9B1-762925076F0F}"
EndProject
Project("{FAE04EC0-301F-11D3-BF4B-00C04F79EFBC}") = "BeepEnterprize.Winform", "BeepEnterprize.Winform\BeepEnterprize.Winform.csproj", "{98D9F47F-C4B3-4EF3-9888-40209E9D689E}"
	ProjectSection(ProjectDependencies) = postProject
		{871AD324-9FD2-4EB3-AD3C-9DE66947AC52} = {871AD324-9FD2-4EB3-AD3C-9DE66947AC52}
		{B4BEDA46-4D62-4709-92A1-9D5B39BE8F31} = {B4BEDA46-4D62-4709-92A1-9D5B39BE8F31}
	EndProjectSection
EndProject
Project("{FAE04EC0-301F-11D3-BF4B-00C04F79EFBC}") = "BeepEnterprize.Winform.Vis", "BeepEnterprize.Winform.Vis\BeepEnterprize.Winform.Vis.csproj", "{D185808C-5D43-454A-9468-829E122C2C2A}"
EndProject
Project("{FAE04EC0-301F-11D3-BF4B-00C04F79EFBC}") = "BeepEnterprizeTreeNodes", "BeepEnterprizeTreeNodes\BeepEnterprizeTreeNodes.csproj", "{B4BEDA46-4D62-4709-92A1-9D5B39BE8F31}"
EndProject
Project("{FAE04EC0-301F-11D3-BF4B-00C04F79EFBC}") = "AssemblyLoaderIBranchExtension", "Plugin\AssemblyLoaderExtension\AssemblyLoaderIBranchExtension.csproj", "{EE2B7832-0F22-426E-8C85-4E7CC4D636A8}"
EndProject
Project("{2150E333-8FDC-42A3-9474-1A3956D46DE8}") = "Container", "Container", "{86AFE19A-2DFA-4194-86A1-A0E543679921}"
EndProject
Project("{FAE04EC0-301F-11D3-BF4B-00C04F79EFBC}") = "AssemblyLoader_AIandApps", "Plugin\AssemblyLoader_AIandApps\AssemblyLoader_AIandApps.csproj", "{87833BC9-6669-4B51-932D-33284E57C794}"
EndProject
Project("{FAE04EC0-301F-11D3-BF4B-00C04F79EFBC}") = "WinFormAppBuilder", "Plugin\WinFormAppBuilder\WinFormAppBuilder.csproj", "{47B300F4-D024-4900-8EB0-1394D5D76DCD}"
EndProject
Project("{2150E333-8FDC-42A3-9474-1A3956D46DE8}") = "ModuleExtensions", "ModuleExtensions", "{CAB93BD4-DD3C-45E3-961C-65185DEAE372}"
EndProject
Project("{FAE04EC0-301F-11D3-BF4B-00C04F79EFBC}") = "AIModule", "ModuleExtensions\AIModule\AIModule.csproj", "{A81B09ED-C936-4C60-BE8F-223D5D3FCE8D}"
EndProject
Project("{FAE04EC0-301F-11D3-BF4B-00C04F79EFBC}") = "AppModule", "ModuleExtensions\AppModule\AppModule.csproj", "{728C3656-D039-4F7B-8796-ACB59F9BF446}"
EndProject
Project("{FAE04EC0-301F-11D3-BF4B-00C04F79EFBC}") = "AppBuilder", "Plugin\AppBuilder\AppBuilder.csproj", "{FC737DED-D254-46A5-B987-7AA2DEAD342D}"
EndProject
Project("{FAE04EC0-301F-11D3-BF4B-00C04F79EFBC}") = "BeepProject", "Plugin\BeepProject\BeepProject.csproj", "{E7D68911-25A1-4DAB-8EA3-372CC41FDF05}"
EndProject
Project("{FAE04EC0-301F-11D3-BF4B-00C04F79EFBC}") = "BeepDeveloperAssistant", "Plugin\BeepDeveloperAssistant\BeepDeveloperAssistant.csproj", "{09A83217-3D5A-4110-8590-C0E42BFA7700}"
EndProject
Project("{FAE04EC0-301F-11D3-BF4B-00C04F79EFBC}") = "Assembly_helpers", "..\BeepDM\Assembly_helpers\Assembly_helpers.csproj", "{E987EC5E-563C-48D9-932F-1DFBC545752D}"
EndProject
Project("{FAE04EC0-301F-11D3-BF4B-00C04F79EFBC}") = "DMLogger", "..\BeepDM\DMLogger\DMLogger.csproj", "{EB5417EA-362A-40B6-8B2A-E48BC45C9C05}"
EndProject
Project("{FAE04EC0-301F-11D3-BF4B-00C04F79EFBC}") = "JsonFileLoader", "..\BeepDM\JsonFileLoader\JsonFileLoader.csproj", "{654608E6-4BB3-4D7F-8F39-144C1318AA7B}"
EndProject
Project("{2150E333-8FDC-42A3-9474-1A3956D46DE8}") = "Tools_helpers", "Tools_helpers", "{89AAEC33-A903-4B07-9DD5-6EAFCBD9771E}"
EndProject
Project("{2150E333-8FDC-42A3-9474-1A3956D46DE8}") = "Dashboard", "Dashboard", "{1C7B3C53-824B-48F5-90FC-13308547F23D}"
EndProject
Project("{2150E333-8FDC-42A3-9474-1A3956D46DE8}") = "AppBuilders", "AppBuilders", "{D1D477CA-1C3F-45F7-8B89-FE27264C168F}"
EndProject
Project("{2150E333-8FDC-42A3-9474-1A3956D46DE8}") = "WorkFlowBuilders", "WorkFlowBuilders", "{4A66B269-F295-4D6E-9E39-B6C3F4F3595E}"
EndProject
Project("{2150E333-8FDC-42A3-9474-1A3956D46DE8}") = "DevExpress", "DevExpress", "{DBC451B3-52C7-4E09-84FC-2618A2D50885}"
EndProject
Project("{9A19103F-16F7-4668-BE54-9A1E7A4F7556}") = "BeepContainer", "BeepContainer\BeepContainer.csproj", "{BDE11881-79CA-4B2C-B3FF-E4FA99ADC2FB}"
EndProject
Project("{FAE04EC0-301F-11D3-BF4B-00C04F79EFBC}") = "Beep.Winform.Controls", "Beep.Winform.Controls\Beep.Winform.Controls.csproj", "{86A01E2B-0B8B-41CB-B747-A571146875A2}"
EndProject
Project("{FAE04EC0-301F-11D3-BF4B-00C04F79EFBC}") = "DxSimpleReporting", "Plugin\DxSimpleReporting\DxSimpleReporting.csproj", "{6E979E3F-AA8B-4D54-A4C2-F060CA6E649A}"
EndProject
Project("{2150E333-8FDC-42A3-9474-1A3956D46DE8}") = "PrintManagers", "PrintManagers", "{744C1DFB-BF03-40B2-9694-33F1A0006CEF}"
EndProject
Project("{FAE04EC0-301F-11D3-BF4B-00C04F79EFBC}") = "PrintManager", "Plugin\PrintManager\PrintManager.csproj", "{9DB49744-FC86-4406-8EE0-355E96C435CF}"
EndProject
Project("{2150E333-8FDC-42A3-9474-1A3956D46DE8}") = "Workflows", "Workflows", "{5C67FD95-63EB-4AED-91CB-631EEACFB927}"
EndProject
Project("{2150E333-8FDC-42A3-9474-1A3956D46DE8}") = "Workflow_Managment", "Workflow_Managment", "{8026868A-4009-4257-B921-CED9F62389EB}"
EndProject
Project("{FAE04EC0-301F-11D3-BF4B-00C04F79EFBC}") = "DashboardInterfaces", "ModuleExtensions\DashboardInterfaces\DashboardInterfaces.csproj", "{9E67B135-ED55-46F0-A64F-76236C2BD903}"
EndProject
Project("{FAE04EC0-301F-11D3-BF4B-00C04F79EFBC}") = "NuggetDriversHandler", "Plugin\NuggetDriversHandler\NuggetDriversHandler.csproj", "{9BC8B3E1-B5FD-4022-88C6-215A87EFBDA1}"
EndProject
Project("{FAE04EC0-301F-11D3-BF4B-00C04F79EFBC}") = "WorkFlowBuilder", "plugin\WorkFlowBuilder\WorkFlowBuilder.csproj", "{BB4A4762-E197-42EA-ADF9-96FEECB8B4F6}"
EndProject
Project("{2150E333-8FDC-42A3-9474-1A3956D46DE8}") = "Reporting", "Reporting", "{5BC50C7F-3CFC-4D6C-A81D-8602FB6F788E}"
EndProject
Project("{FAE04EC0-301F-11D3-BF4B-00C04F79EFBC}") = "DxDashboard", "plugin\DxDashboard\DxDashboard.csproj", "{685C77AB-5242-43F3-97DA-6334E6DA78FE}"
EndProject
Project("{FAE04EC0-301F-11D3-BF4B-00C04F79EFBC}") = "DxBeepCommn", "plugin\DxBeepCommn\DxBeepCommn.csproj", "{0DE2E675-0340-4804-96D0-725EC7CB7737}"
EndProject
Project("{FAE04EC0-301F-11D3-BF4B-00C04F79EFBC}") = "Beep.Winform.Controls.DevExpress", "DevExpress\Beep.Winform.Controls.DevExpress\Beep.Winform.Controls.DevExpress.csproj", "{88D0F06C-9911-4F1B-9C8B-9CFCE138272C}"
EndProject
Project("{FAE04EC0-301F-11D3-BF4B-00C04F79EFBC}") = "BeepEnterPrize.DevExpress", "DevExpress\BeepEnterPrize.DevExpress\BeepEnterPrize.DevExpress.csproj", "{5B3B0F5A-9327-4B42-BEFC-628C0FFD87CA}"
EndProject
Project("{FAE04EC0-301F-11D3-BF4B-00C04F79EFBC}") = "BeepEnterprize.Winform.DevExpress.Vis", "DevExpress\BeepEnterprize.Winform.DevExpress\BeepEnterprize.Winform.DevExpress.Vis.csproj", "{05C5B0EB-0230-4996-AB53-84FFB3F9EBF1}"
EndProject
Project("{FAE04EC0-301F-11D3-BF4B-00C04F79EFBC}") = "PythonAIBuilder", "Plugin\AIBuilder\PythonAIBuilder.csproj", "{396C644A-EF7F-4FC4-A7D0-C7F0B1DFD34B}"
EndProject
Project("{2150E333-8FDC-42A3-9474-1A3956D46DE8}") = "AI", "AI", "{5476A29B-D1C5-4E71-8362-428947F253F0}"
EndProject
Project("{FAE04EC0-301F-11D3-BF4B-00C04F79EFBC}") = "R", "Plugin\R\R.csproj", "{D72D8B0E-0BDB-4901-BDF7-626B5ED623C6}"
EndProject
Project("{FAE04EC0-301F-11D3-BF4B-00C04F79EFBC}") = "Accord", "Plugin\accord\Accord.csproj", "{12F5522A-6250-49DF-A4E1-67474E330661}"
EndProject
Project("{9A19103F-16F7-4668-BE54-9A1E7A4F7556}") = "TheTechIdea.Beep.Vis.Modules2.0", "TheTechIdea.Beep.Vis.Modules2.0\TheTechIdea.Beep.Vis.Modules2.0.csproj", "{942285F3-E881-45CC-ACDF-7A4DE4259B77}"
EndProject
Project("{FAE04EC0-301F-11D3-BF4B-00C04F79EFBC}") = "TheTechIdea.Beep.Vis.Modules", "BeepEnterprize.Vis.Module\TheTechIdea.Beep.Vis.Modules.csproj", "{31940304-EF06-4104-94B4-59B40331391E}"
EndProject
Project("{2150E333-8FDC-42A3-9474-1A3956D46DE8}") = "Beep", "Beep", "{1B83C595-4F67-4060-A568-6E15DA2317C2}"
EndProject
Project("{9A19103F-16F7-4668-BE54-9A1E7A4F7556}") = "DataManagementEngineStandard", "..\BeepDM\DataManagementEngineStandard\DataManagementEngineStandard.csproj", "{282DB559-9DCA-4486-8830-CD18BE56418B}"
EndProject
Project("{9A19103F-16F7-4668-BE54-9A1E7A4F7556}") = "DataManagementModelsStandard", "..\BeepDM\DataManagementModelsStandard\DataManagementModelsStandard.csproj", "{3B8D3F1B-6FA6-4CBA-A256-02CEEA3CC774}"
EndProject
Project("{D954291E-2A0B-460D-934E-DC6B0785DB48}") = "DataManagmentEngineShared", "..\BeepDM\DataManagmentEngineShared\DataManagmentEngineShared.shproj", "{B5D91583-1EB4-4B3C-8288-88FD13E35556}"
EndProject
Project("{D954291E-2A0B-460D-934E-DC6B0785DB48}") = "DataManagmentModelsShared", "..\BeepDM\DataManagementModelsShared\DataManagmentModelsShared.shproj", "{2F745B0A-B2F4-4EB8-9A8E-5A87B2988F99}"
EndProject
Project("{9A19103F-16F7-4668-BE54-9A1E7A4F7556}") = "DataManagmentEngineNet6", "..\BeepDM\DataManagmentEngineNet6\DataManagmentEngineNet6.csproj", "{A5BFF8DC-E398-460D-83B9-3B2501D92570}"
EndProject
Project("{9A19103F-16F7-4668-BE54-9A1E7A4F7556}") = "DataManagmentModelsNet6", "..\BeepDM\DataManagmentModelsNet6\DataManagmentModelsNet6.csproj", "{25D72349-A283-4FB6-90F4-8952017FFD35}"
EndProject
Project("{9A19103F-16F7-4668-BE54-9A1E7A4F7556}") = "JsonFileLoaderStandard", "..\BeepDM\JsonFileLoaderStandard\JsonFileLoaderStandard.csproj", "{2E2288FC-F860-4936-B889-4F92AC821A06}"
EndProject
Project("{9A19103F-16F7-4668-BE54-9A1E7A4F7556}") = "Assembly_helpersStandard", "..\BeepDM\Assembly_helpersStandard\Assembly_helpersStandard.csproj", "{9A51A9E5-BCDA-4C20-B3E5-E90C24A625F8}"
EndProject
Project("{9A19103F-16F7-4668-BE54-9A1E7A4F7556}") = "DMLoggerStandard", "..\BeepDM\DMLoggerStandard\DMLoggerStandard.csproj", "{990B4C7C-5007-4D1F-984E-BD8B5154C2C6}"
EndProject
Project("{2150E333-8FDC-42A3-9474-1A3956D46DE8}") = "VisModules", "VisModules", "{88786F7E-C715-4CF0-82B6-04CFAAA5926F}"
EndProject
Global
	GlobalSection(SharedMSBuildProjectFiles) = preSolution
		..\BeepDM\DataManagementModelsShared\DataManagementModelsShared.projitems*{25d72349-a283-4fb6-90f4-8952017ffd35}*SharedItemsImports = 5
		..\BeepDM\DataManagmentEngineShared\DataManagmentEngineShared.projitems*{282db559-9dca-4486-8830-cd18be56418b}*SharedItemsImports = 5
		..\BeepDM\DataManagementModelsShared\DataManagementModelsShared.projitems*{2f745b0a-b2f4-4eb8-9a8e-5a87b2988f99}*SharedItemsImports = 13
		..\BeepDM\DataManagementModelsShared\DataManagementModelsShared.projitems*{3b8d3f1b-6fa6-4cba-a256-02ceea3cc774}*SharedItemsImports = 5
		..\BeepDM\DataManagmentEngineShared\DataManagmentEngineShared.projitems*{a5bff8dc-e398-460d-83b9-3b2501d92570}*SharedItemsImports = 5
		..\BeepDM\DataManagmentEngineShared\DataManagmentEngineShared.projitems*{b5d91583-1eb4-4b3c-8288-88fd13e35556}*SharedItemsImports = 13
	EndGlobalSection
	GlobalSection(SolutionConfigurationPlatforms) = preSolution
		Debug|Any CPU = Debug|Any CPU
		Debug|x86 = Debug|x86
		Release|Any CPU = Release|Any CPU
		Release|x86 = Release|x86
		x86|Any CPU = x86|Any CPU
		x86|x86 = x86|x86
	EndGlobalSection
	GlobalSection(ProjectConfigurationPlatforms) = postSolution
		{0B437803-244C-4B3E-9BC6-D2F33AD3D685}.Debug|Any CPU.ActiveCfg = Debug|Any CPU
		{0B437803-244C-4B3E-9BC6-D2F33AD3D685}.Debug|Any CPU.Build.0 = Debug|Any CPU
		{0B437803-244C-4B3E-9BC6-D2F33AD3D685}.Debug|x86.ActiveCfg = Debug|Any CPU
		{0B437803-244C-4B3E-9BC6-D2F33AD3D685}.Debug|x86.Build.0 = Debug|Any CPU
		{0B437803-244C-4B3E-9BC6-D2F33AD3D685}.Release|Any CPU.ActiveCfg = Release|Any CPU
		{0B437803-244C-4B3E-9BC6-D2F33AD3D685}.Release|Any CPU.Build.0 = Release|Any CPU
		{0B437803-244C-4B3E-9BC6-D2F33AD3D685}.Release|x86.ActiveCfg = Release|Any CPU
		{0B437803-244C-4B3E-9BC6-D2F33AD3D685}.Release|x86.Build.0 = Release|Any CPU
		{0B437803-244C-4B3E-9BC6-D2F33AD3D685}.x86|Any CPU.ActiveCfg = Release|Any CPU
		{0B437803-244C-4B3E-9BC6-D2F33AD3D685}.x86|Any CPU.Build.0 = Release|Any CPU
		{0B437803-244C-4B3E-9BC6-D2F33AD3D685}.x86|x86.ActiveCfg = Release|Any CPU
		{0B437803-244C-4B3E-9BC6-D2F33AD3D685}.x86|x86.Build.0 = Release|Any CPU
		{871AD324-9FD2-4EB3-AD3C-9DE66947AC52}.Debug|Any CPU.ActiveCfg = Debug|Any CPU
		{871AD324-9FD2-4EB3-AD3C-9DE66947AC52}.Debug|Any CPU.Build.0 = Debug|Any CPU
		{871AD324-9FD2-4EB3-AD3C-9DE66947AC52}.Debug|x86.ActiveCfg = Debug|Any CPU
		{871AD324-9FD2-4EB3-AD3C-9DE66947AC52}.Debug|x86.Build.0 = Debug|Any CPU
		{871AD324-9FD2-4EB3-AD3C-9DE66947AC52}.Release|Any CPU.ActiveCfg = Release|Any CPU
		{871AD324-9FD2-4EB3-AD3C-9DE66947AC52}.Release|Any CPU.Build.0 = Release|Any CPU
		{871AD324-9FD2-4EB3-AD3C-9DE66947AC52}.Release|x86.ActiveCfg = Release|Any CPU
		{871AD324-9FD2-4EB3-AD3C-9DE66947AC52}.Release|x86.Build.0 = Release|Any CPU
		{871AD324-9FD2-4EB3-AD3C-9DE66947AC52}.x86|Any CPU.ActiveCfg = Release|Any CPU
		{871AD324-9FD2-4EB3-AD3C-9DE66947AC52}.x86|Any CPU.Build.0 = Release|Any CPU
		{871AD324-9FD2-4EB3-AD3C-9DE66947AC52}.x86|x86.ActiveCfg = Release|Any CPU
		{871AD324-9FD2-4EB3-AD3C-9DE66947AC52}.x86|x86.Build.0 = Release|Any CPU
		{98D9F47F-C4B3-4EF3-9888-40209E9D689E}.Debug|Any CPU.ActiveCfg = Debug|Any CPU
		{98D9F47F-C4B3-4EF3-9888-40209E9D689E}.Debug|Any CPU.Build.0 = Debug|Any CPU
		{98D9F47F-C4B3-4EF3-9888-40209E9D689E}.Debug|x86.ActiveCfg = Debug|Any CPU
		{98D9F47F-C4B3-4EF3-9888-40209E9D689E}.Debug|x86.Build.0 = Debug|Any CPU
		{98D9F47F-C4B3-4EF3-9888-40209E9D689E}.Release|Any CPU.ActiveCfg = Release|Any CPU
		{98D9F47F-C4B3-4EF3-9888-40209E9D689E}.Release|Any CPU.Build.0 = Release|Any CPU
		{98D9F47F-C4B3-4EF3-9888-40209E9D689E}.Release|x86.ActiveCfg = Release|Any CPU
		{98D9F47F-C4B3-4EF3-9888-40209E9D689E}.Release|x86.Build.0 = Release|Any CPU
		{98D9F47F-C4B3-4EF3-9888-40209E9D689E}.x86|Any CPU.ActiveCfg = Release|Any CPU
		{98D9F47F-C4B3-4EF3-9888-40209E9D689E}.x86|Any CPU.Build.0 = Release|Any CPU
		{98D9F47F-C4B3-4EF3-9888-40209E9D689E}.x86|x86.ActiveCfg = Release|Any CPU
		{98D9F47F-C4B3-4EF3-9888-40209E9D689E}.x86|x86.Build.0 = Release|Any CPU
		{D185808C-5D43-454A-9468-829E122C2C2A}.Debug|Any CPU.ActiveCfg = Debug|Any CPU
		{D185808C-5D43-454A-9468-829E122C2C2A}.Debug|Any CPU.Build.0 = Debug|Any CPU
		{D185808C-5D43-454A-9468-829E122C2C2A}.Debug|x86.ActiveCfg = Debug|Any CPU
		{D185808C-5D43-454A-9468-829E122C2C2A}.Debug|x86.Build.0 = Debug|Any CPU
		{D185808C-5D43-454A-9468-829E122C2C2A}.Release|Any CPU.ActiveCfg = Release|Any CPU
		{D185808C-5D43-454A-9468-829E122C2C2A}.Release|Any CPU.Build.0 = Release|Any CPU
		{D185808C-5D43-454A-9468-829E122C2C2A}.Release|x86.ActiveCfg = Release|Any CPU
		{D185808C-5D43-454A-9468-829E122C2C2A}.Release|x86.Build.0 = Release|Any CPU
		{D185808C-5D43-454A-9468-829E122C2C2A}.x86|Any CPU.ActiveCfg = Release|Any CPU
		{D185808C-5D43-454A-9468-829E122C2C2A}.x86|Any CPU.Build.0 = Release|Any CPU
		{D185808C-5D43-454A-9468-829E122C2C2A}.x86|x86.ActiveCfg = Release|Any CPU
		{D185808C-5D43-454A-9468-829E122C2C2A}.x86|x86.Build.0 = Release|Any CPU
		{B4BEDA46-4D62-4709-92A1-9D5B39BE8F31}.Debug|Any CPU.ActiveCfg = Debug|Any CPU
		{B4BEDA46-4D62-4709-92A1-9D5B39BE8F31}.Debug|Any CPU.Build.0 = Debug|Any CPU
		{B4BEDA46-4D62-4709-92A1-9D5B39BE8F31}.Debug|x86.ActiveCfg = Debug|Any CPU
		{B4BEDA46-4D62-4709-92A1-9D5B39BE8F31}.Debug|x86.Build.0 = Debug|Any CPU
		{B4BEDA46-4D62-4709-92A1-9D5B39BE8F31}.Release|Any CPU.ActiveCfg = Release|Any CPU
		{B4BEDA46-4D62-4709-92A1-9D5B39BE8F31}.Release|Any CPU.Build.0 = Release|Any CPU
		{B4BEDA46-4D62-4709-92A1-9D5B39BE8F31}.Release|x86.ActiveCfg = Release|Any CPU
		{B4BEDA46-4D62-4709-92A1-9D5B39BE8F31}.Release|x86.Build.0 = Release|Any CPU
		{B4BEDA46-4D62-4709-92A1-9D5B39BE8F31}.x86|Any CPU.ActiveCfg = Release|Any CPU
		{B4BEDA46-4D62-4709-92A1-9D5B39BE8F31}.x86|Any CPU.Build.0 = Release|Any CPU
		{B4BEDA46-4D62-4709-92A1-9D5B39BE8F31}.x86|x86.ActiveCfg = Release|Any CPU
		{B4BEDA46-4D62-4709-92A1-9D5B39BE8F31}.x86|x86.Build.0 = Release|Any CPU
		{EE2B7832-0F22-426E-8C85-4E7CC4D636A8}.Debug|Any CPU.ActiveCfg = Debug|Any CPU
		{EE2B7832-0F22-426E-8C85-4E7CC4D636A8}.Debug|Any CPU.Build.0 = Debug|Any CPU
		{EE2B7832-0F22-426E-8C85-4E7CC4D636A8}.Debug|x86.ActiveCfg = Debug|Any CPU
		{EE2B7832-0F22-426E-8C85-4E7CC4D636A8}.Debug|x86.Build.0 = Debug|Any CPU
		{EE2B7832-0F22-426E-8C85-4E7CC4D636A8}.Release|Any CPU.ActiveCfg = Release|Any CPU
		{EE2B7832-0F22-426E-8C85-4E7CC4D636A8}.Release|Any CPU.Build.0 = Release|Any CPU
		{EE2B7832-0F22-426E-8C85-4E7CC4D636A8}.Release|x86.ActiveCfg = Release|Any CPU
		{EE2B7832-0F22-426E-8C85-4E7CC4D636A8}.Release|x86.Build.0 = Release|Any CPU
		{EE2B7832-0F22-426E-8C85-4E7CC4D636A8}.x86|Any CPU.ActiveCfg = Release|Any CPU
		{EE2B7832-0F22-426E-8C85-4E7CC4D636A8}.x86|Any CPU.Build.0 = Release|Any CPU
		{EE2B7832-0F22-426E-8C85-4E7CC4D636A8}.x86|x86.ActiveCfg = Release|Any CPU
		{EE2B7832-0F22-426E-8C85-4E7CC4D636A8}.x86|x86.Build.0 = Release|Any CPU
		{87833BC9-6669-4B51-932D-33284E57C794}.Debug|Any CPU.ActiveCfg = Debug|Any CPU
		{87833BC9-6669-4B51-932D-33284E57C794}.Debug|Any CPU.Build.0 = Debug|Any CPU
		{87833BC9-6669-4B51-932D-33284E57C794}.Debug|x86.ActiveCfg = Debug|Any CPU
		{87833BC9-6669-4B51-932D-33284E57C794}.Debug|x86.Build.0 = Debug|Any CPU
		{87833BC9-6669-4B51-932D-33284E57C794}.Release|Any CPU.ActiveCfg = Release|Any CPU
		{87833BC9-6669-4B51-932D-33284E57C794}.Release|Any CPU.Build.0 = Release|Any CPU
		{87833BC9-6669-4B51-932D-33284E57C794}.Release|x86.ActiveCfg = Release|Any CPU
		{87833BC9-6669-4B51-932D-33284E57C794}.Release|x86.Build.0 = Release|Any CPU
		{87833BC9-6669-4B51-932D-33284E57C794}.x86|Any CPU.ActiveCfg = Release|Any CPU
		{87833BC9-6669-4B51-932D-33284E57C794}.x86|Any CPU.Build.0 = Release|Any CPU
		{87833BC9-6669-4B51-932D-33284E57C794}.x86|x86.ActiveCfg = Release|Any CPU
		{87833BC9-6669-4B51-932D-33284E57C794}.x86|x86.Build.0 = Release|Any CPU
		{47B300F4-D024-4900-8EB0-1394D5D76DCD}.Debug|Any CPU.ActiveCfg = Debug|Any CPU
		{47B300F4-D024-4900-8EB0-1394D5D76DCD}.Debug|Any CPU.Build.0 = Debug|Any CPU
		{47B300F4-D024-4900-8EB0-1394D5D76DCD}.Debug|x86.ActiveCfg = Debug|Any CPU
		{47B300F4-D024-4900-8EB0-1394D5D76DCD}.Debug|x86.Build.0 = Debug|Any CPU
		{47B300F4-D024-4900-8EB0-1394D5D76DCD}.Release|Any CPU.ActiveCfg = Release|Any CPU
		{47B300F4-D024-4900-8EB0-1394D5D76DCD}.Release|Any CPU.Build.0 = Release|Any CPU
		{47B300F4-D024-4900-8EB0-1394D5D76DCD}.Release|x86.ActiveCfg = Release|Any CPU
		{47B300F4-D024-4900-8EB0-1394D5D76DCD}.Release|x86.Build.0 = Release|Any CPU
		{47B300F4-D024-4900-8EB0-1394D5D76DCD}.x86|Any CPU.ActiveCfg = Release|Any CPU
		{47B300F4-D024-4900-8EB0-1394D5D76DCD}.x86|Any CPU.Build.0 = Release|Any CPU
		{47B300F4-D024-4900-8EB0-1394D5D76DCD}.x86|x86.ActiveCfg = Release|Any CPU
		{47B300F4-D024-4900-8EB0-1394D5D76DCD}.x86|x86.Build.0 = Release|Any CPU
		{A81B09ED-C936-4C60-BE8F-223D5D3FCE8D}.Debug|Any CPU.ActiveCfg = Debug|Any CPU
		{A81B09ED-C936-4C60-BE8F-223D5D3FCE8D}.Debug|Any CPU.Build.0 = Debug|Any CPU
		{A81B09ED-C936-4C60-BE8F-223D5D3FCE8D}.Debug|x86.ActiveCfg = Debug|Any CPU
		{A81B09ED-C936-4C60-BE8F-223D5D3FCE8D}.Debug|x86.Build.0 = Debug|Any CPU
		{A81B09ED-C936-4C60-BE8F-223D5D3FCE8D}.Release|Any CPU.ActiveCfg = Release|Any CPU
		{A81B09ED-C936-4C60-BE8F-223D5D3FCE8D}.Release|Any CPU.Build.0 = Release|Any CPU
		{A81B09ED-C936-4C60-BE8F-223D5D3FCE8D}.Release|x86.ActiveCfg = Release|Any CPU
		{A81B09ED-C936-4C60-BE8F-223D5D3FCE8D}.Release|x86.Build.0 = Release|Any CPU
		{A81B09ED-C936-4C60-BE8F-223D5D3FCE8D}.x86|Any CPU.ActiveCfg = Release|Any CPU
		{A81B09ED-C936-4C60-BE8F-223D5D3FCE8D}.x86|Any CPU.Build.0 = Release|Any CPU
		{A81B09ED-C936-4C60-BE8F-223D5D3FCE8D}.x86|x86.ActiveCfg = Release|Any CPU
		{A81B09ED-C936-4C60-BE8F-223D5D3FCE8D}.x86|x86.Build.0 = Release|Any CPU
		{728C3656-D039-4F7B-8796-ACB59F9BF446}.Debug|Any CPU.ActiveCfg = Debug|Any CPU
		{728C3656-D039-4F7B-8796-ACB59F9BF446}.Debug|Any CPU.Build.0 = Debug|Any CPU
		{728C3656-D039-4F7B-8796-ACB59F9BF446}.Debug|x86.ActiveCfg = Debug|Any CPU
		{728C3656-D039-4F7B-8796-ACB59F9BF446}.Debug|x86.Build.0 = Debug|Any CPU
		{728C3656-D039-4F7B-8796-ACB59F9BF446}.Release|Any CPU.ActiveCfg = Release|Any CPU
		{728C3656-D039-4F7B-8796-ACB59F9BF446}.Release|Any CPU.Build.0 = Release|Any CPU
		{728C3656-D039-4F7B-8796-ACB59F9BF446}.Release|x86.ActiveCfg = Release|Any CPU
		{728C3656-D039-4F7B-8796-ACB59F9BF446}.Release|x86.Build.0 = Release|Any CPU
		{728C3656-D039-4F7B-8796-ACB59F9BF446}.x86|Any CPU.ActiveCfg = Release|Any CPU
		{728C3656-D039-4F7B-8796-ACB59F9BF446}.x86|Any CPU.Build.0 = Release|Any CPU
		{728C3656-D039-4F7B-8796-ACB59F9BF446}.x86|x86.ActiveCfg = Release|Any CPU
		{728C3656-D039-4F7B-8796-ACB59F9BF446}.x86|x86.Build.0 = Release|Any CPU
		{FC737DED-D254-46A5-B987-7AA2DEAD342D}.Debug|Any CPU.ActiveCfg = Debug|Any CPU
		{FC737DED-D254-46A5-B987-7AA2DEAD342D}.Debug|Any CPU.Build.0 = Debug|Any CPU
		{FC737DED-D254-46A5-B987-7AA2DEAD342D}.Debug|x86.ActiveCfg = Debug|Any CPU
		{FC737DED-D254-46A5-B987-7AA2DEAD342D}.Debug|x86.Build.0 = Debug|Any CPU
		{FC737DED-D254-46A5-B987-7AA2DEAD342D}.Release|Any CPU.ActiveCfg = Release|Any CPU
		{FC737DED-D254-46A5-B987-7AA2DEAD342D}.Release|Any CPU.Build.0 = Release|Any CPU
		{FC737DED-D254-46A5-B987-7AA2DEAD342D}.Release|x86.ActiveCfg = Release|Any CPU
		{FC737DED-D254-46A5-B987-7AA2DEAD342D}.Release|x86.Build.0 = Release|Any CPU
		{FC737DED-D254-46A5-B987-7AA2DEAD342D}.x86|Any CPU.ActiveCfg = Release|Any CPU
		{FC737DED-D254-46A5-B987-7AA2DEAD342D}.x86|Any CPU.Build.0 = Release|Any CPU
		{FC737DED-D254-46A5-B987-7AA2DEAD342D}.x86|x86.ActiveCfg = Release|Any CPU
		{FC737DED-D254-46A5-B987-7AA2DEAD342D}.x86|x86.Build.0 = Release|Any CPU
		{E7D68911-25A1-4DAB-8EA3-372CC41FDF05}.Debug|Any CPU.ActiveCfg = Debug|Any CPU
		{E7D68911-25A1-4DAB-8EA3-372CC41FDF05}.Debug|Any CPU.Build.0 = Debug|Any CPU
		{E7D68911-25A1-4DAB-8EA3-372CC41FDF05}.Debug|x86.ActiveCfg = Debug|Any CPU
		{E7D68911-25A1-4DAB-8EA3-372CC41FDF05}.Debug|x86.Build.0 = Debug|Any CPU
		{E7D68911-25A1-4DAB-8EA3-372CC41FDF05}.Release|Any CPU.ActiveCfg = Release|Any CPU
		{E7D68911-25A1-4DAB-8EA3-372CC41FDF05}.Release|Any CPU.Build.0 = Release|Any CPU
		{E7D68911-25A1-4DAB-8EA3-372CC41FDF05}.Release|x86.ActiveCfg = Release|Any CPU
		{E7D68911-25A1-4DAB-8EA3-372CC41FDF05}.Release|x86.Build.0 = Release|Any CPU
		{E7D68911-25A1-4DAB-8EA3-372CC41FDF05}.x86|Any CPU.ActiveCfg = Release|Any CPU
		{E7D68911-25A1-4DAB-8EA3-372CC41FDF05}.x86|Any CPU.Build.0 = Release|Any CPU
		{E7D68911-25A1-4DAB-8EA3-372CC41FDF05}.x86|x86.ActiveCfg = Release|Any CPU
		{E7D68911-25A1-4DAB-8EA3-372CC41FDF05}.x86|x86.Build.0 = Release|Any CPU
		{09A83217-3D5A-4110-8590-C0E42BFA7700}.Debug|Any CPU.ActiveCfg = Debug|Any CPU
		{09A83217-3D5A-4110-8590-C0E42BFA7700}.Debug|Any CPU.Build.0 = Debug|Any CPU
		{09A83217-3D5A-4110-8590-C0E42BFA7700}.Debug|x86.ActiveCfg = Debug|Any CPU
		{09A83217-3D5A-4110-8590-C0E42BFA7700}.Debug|x86.Build.0 = Debug|Any CPU
		{09A83217-3D5A-4110-8590-C0E42BFA7700}.Release|Any CPU.ActiveCfg = Release|Any CPU
		{09A83217-3D5A-4110-8590-C0E42BFA7700}.Release|Any CPU.Build.0 = Release|Any CPU
		{09A83217-3D5A-4110-8590-C0E42BFA7700}.Release|x86.ActiveCfg = Release|Any CPU
		{09A83217-3D5A-4110-8590-C0E42BFA7700}.Release|x86.Build.0 = Release|Any CPU
		{09A83217-3D5A-4110-8590-C0E42BFA7700}.x86|Any CPU.ActiveCfg = Release|Any CPU
		{09A83217-3D5A-4110-8590-C0E42BFA7700}.x86|Any CPU.Build.0 = Release|Any CPU
		{09A83217-3D5A-4110-8590-C0E42BFA7700}.x86|x86.ActiveCfg = Release|Any CPU
		{09A83217-3D5A-4110-8590-C0E42BFA7700}.x86|x86.Build.0 = Release|Any CPU
		{E987EC5E-563C-48D9-932F-1DFBC545752D}.Debug|Any CPU.ActiveCfg = Debug|Any CPU
		{E987EC5E-563C-48D9-932F-1DFBC545752D}.Debug|Any CPU.Build.0 = Debug|Any CPU
		{E987EC5E-563C-48D9-932F-1DFBC545752D}.Debug|x86.ActiveCfg = Debug|Any CPU
		{E987EC5E-563C-48D9-932F-1DFBC545752D}.Debug|x86.Build.0 = Debug|Any CPU
		{E987EC5E-563C-48D9-932F-1DFBC545752D}.Release|Any CPU.ActiveCfg = Release|Any CPU
		{E987EC5E-563C-48D9-932F-1DFBC545752D}.Release|Any CPU.Build.0 = Release|Any CPU
		{E987EC5E-563C-48D9-932F-1DFBC545752D}.Release|x86.ActiveCfg = Release|Any CPU
		{E987EC5E-563C-48D9-932F-1DFBC545752D}.Release|x86.Build.0 = Release|Any CPU
		{E987EC5E-563C-48D9-932F-1DFBC545752D}.x86|Any CPU.ActiveCfg = Release|Any CPU
		{E987EC5E-563C-48D9-932F-1DFBC545752D}.x86|Any CPU.Build.0 = Release|Any CPU
		{E987EC5E-563C-48D9-932F-1DFBC545752D}.x86|x86.ActiveCfg = Release|Any CPU
		{E987EC5E-563C-48D9-932F-1DFBC545752D}.x86|x86.Build.0 = Release|Any CPU
		{EB5417EA-362A-40B6-8B2A-E48BC45C9C05}.Debug|Any CPU.ActiveCfg = Debug|Any CPU
		{EB5417EA-362A-40B6-8B2A-E48BC45C9C05}.Debug|Any CPU.Build.0 = Debug|Any CPU
		{EB5417EA-362A-40B6-8B2A-E48BC45C9C05}.Debug|x86.ActiveCfg = Debug|Any CPU
		{EB5417EA-362A-40B6-8B2A-E48BC45C9C05}.Debug|x86.Build.0 = Debug|Any CPU
		{EB5417EA-362A-40B6-8B2A-E48BC45C9C05}.Release|Any CPU.ActiveCfg = Release|Any CPU
		{EB5417EA-362A-40B6-8B2A-E48BC45C9C05}.Release|Any CPU.Build.0 = Release|Any CPU
		{EB5417EA-362A-40B6-8B2A-E48BC45C9C05}.Release|x86.ActiveCfg = Release|Any CPU
		{EB5417EA-362A-40B6-8B2A-E48BC45C9C05}.Release|x86.Build.0 = Release|Any CPU
		{EB5417EA-362A-40B6-8B2A-E48BC45C9C05}.x86|Any CPU.ActiveCfg = Release|Any CPU
		{EB5417EA-362A-40B6-8B2A-E48BC45C9C05}.x86|Any CPU.Build.0 = Release|Any CPU
		{EB5417EA-362A-40B6-8B2A-E48BC45C9C05}.x86|x86.ActiveCfg = Release|Any CPU
		{EB5417EA-362A-40B6-8B2A-E48BC45C9C05}.x86|x86.Build.0 = Release|Any CPU
		{654608E6-4BB3-4D7F-8F39-144C1318AA7B}.Debug|Any CPU.ActiveCfg = Debug|Any CPU
		{654608E6-4BB3-4D7F-8F39-144C1318AA7B}.Debug|Any CPU.Build.0 = Debug|Any CPU
		{654608E6-4BB3-4D7F-8F39-144C1318AA7B}.Debug|x86.ActiveCfg = Debug|Any CPU
		{654608E6-4BB3-4D7F-8F39-144C1318AA7B}.Debug|x86.Build.0 = Debug|Any CPU
		{654608E6-4BB3-4D7F-8F39-144C1318AA7B}.Release|Any CPU.ActiveCfg = Release|Any CPU
		{654608E6-4BB3-4D7F-8F39-144C1318AA7B}.Release|Any CPU.Build.0 = Release|Any CPU
		{654608E6-4BB3-4D7F-8F39-144C1318AA7B}.Release|x86.ActiveCfg = Release|Any CPU
		{654608E6-4BB3-4D7F-8F39-144C1318AA7B}.Release|x86.Build.0 = Release|Any CPU
		{654608E6-4BB3-4D7F-8F39-144C1318AA7B}.x86|Any CPU.ActiveCfg = Release|Any CPU
		{654608E6-4BB3-4D7F-8F39-144C1318AA7B}.x86|Any CPU.Build.0 = Release|Any CPU
		{654608E6-4BB3-4D7F-8F39-144C1318AA7B}.x86|x86.ActiveCfg = Release|Any CPU
		{654608E6-4BB3-4D7F-8F39-144C1318AA7B}.x86|x86.Build.0 = Release|Any CPU
		{BDE11881-79CA-4B2C-B3FF-E4FA99ADC2FB}.Debug|Any CPU.ActiveCfg = Debug|Any CPU
		{BDE11881-79CA-4B2C-B3FF-E4FA99ADC2FB}.Debug|Any CPU.Build.0 = Debug|Any CPU
		{BDE11881-79CA-4B2C-B3FF-E4FA99ADC2FB}.Debug|x86.ActiveCfg = Debug|Any CPU
		{BDE11881-79CA-4B2C-B3FF-E4FA99ADC2FB}.Debug|x86.Build.0 = Debug|Any CPU
		{BDE11881-79CA-4B2C-B3FF-E4FA99ADC2FB}.Release|Any CPU.ActiveCfg = Release|Any CPU
		{BDE11881-79CA-4B2C-B3FF-E4FA99ADC2FB}.Release|Any CPU.Build.0 = Release|Any CPU
		{BDE11881-79CA-4B2C-B3FF-E4FA99ADC2FB}.Release|x86.ActiveCfg = Release|Any CPU
		{BDE11881-79CA-4B2C-B3FF-E4FA99ADC2FB}.Release|x86.Build.0 = Release|Any CPU
		{BDE11881-79CA-4B2C-B3FF-E4FA99ADC2FB}.x86|Any CPU.ActiveCfg = Debug|Any CPU
		{BDE11881-79CA-4B2C-B3FF-E4FA99ADC2FB}.x86|Any CPU.Build.0 = Debug|Any CPU
		{BDE11881-79CA-4B2C-B3FF-E4FA99ADC2FB}.x86|x86.ActiveCfg = Debug|Any CPU
		{BDE11881-79CA-4B2C-B3FF-E4FA99ADC2FB}.x86|x86.Build.0 = Debug|Any CPU
		{86A01E2B-0B8B-41CB-B747-A571146875A2}.Debug|Any CPU.ActiveCfg = Debug|Any CPU
		{86A01E2B-0B8B-41CB-B747-A571146875A2}.Debug|Any CPU.Build.0 = Debug|Any CPU
		{86A01E2B-0B8B-41CB-B747-A571146875A2}.Debug|x86.ActiveCfg = Debug|Any CPU
		{86A01E2B-0B8B-41CB-B747-A571146875A2}.Debug|x86.Build.0 = Debug|Any CPU
		{86A01E2B-0B8B-41CB-B747-A571146875A2}.Release|Any CPU.ActiveCfg = Release|Any CPU
		{86A01E2B-0B8B-41CB-B747-A571146875A2}.Release|Any CPU.Build.0 = Release|Any CPU
		{86A01E2B-0B8B-41CB-B747-A571146875A2}.Release|x86.ActiveCfg = Release|Any CPU
		{86A01E2B-0B8B-41CB-B747-A571146875A2}.Release|x86.Build.0 = Release|Any CPU
		{86A01E2B-0B8B-41CB-B747-A571146875A2}.x86|Any CPU.ActiveCfg = Debug|Any CPU
		{86A01E2B-0B8B-41CB-B747-A571146875A2}.x86|Any CPU.Build.0 = Debug|Any CPU
		{86A01E2B-0B8B-41CB-B747-A571146875A2}.x86|x86.ActiveCfg = Debug|Any CPU
		{86A01E2B-0B8B-41CB-B747-A571146875A2}.x86|x86.Build.0 = Debug|Any CPU
		{6E979E3F-AA8B-4D54-A4C2-F060CA6E649A}.Debug|Any CPU.ActiveCfg = Debug|Any CPU
		{6E979E3F-AA8B-4D54-A4C2-F060CA6E649A}.Debug|Any CPU.Build.0 = Debug|Any CPU
		{6E979E3F-AA8B-4D54-A4C2-F060CA6E649A}.Debug|x86.ActiveCfg = Debug|Any CPU
		{6E979E3F-AA8B-4D54-A4C2-F060CA6E649A}.Debug|x86.Build.0 = Debug|Any CPU
		{6E979E3F-AA8B-4D54-A4C2-F060CA6E649A}.Release|Any CPU.ActiveCfg = Release|Any CPU
		{6E979E3F-AA8B-4D54-A4C2-F060CA6E649A}.Release|Any CPU.Build.0 = Release|Any CPU
		{6E979E3F-AA8B-4D54-A4C2-F060CA6E649A}.Release|x86.ActiveCfg = Release|Any CPU
		{6E979E3F-AA8B-4D54-A4C2-F060CA6E649A}.Release|x86.Build.0 = Release|Any CPU
		{6E979E3F-AA8B-4D54-A4C2-F060CA6E649A}.x86|Any CPU.ActiveCfg = Debug|Any CPU
		{6E979E3F-AA8B-4D54-A4C2-F060CA6E649A}.x86|Any CPU.Build.0 = Debug|Any CPU
		{6E979E3F-AA8B-4D54-A4C2-F060CA6E649A}.x86|x86.ActiveCfg = Debug|Any CPU
		{6E979E3F-AA8B-4D54-A4C2-F060CA6E649A}.x86|x86.Build.0 = Debug|Any CPU
		{9DB49744-FC86-4406-8EE0-355E96C435CF}.Debug|Any CPU.ActiveCfg = Debug|Any CPU
		{9DB49744-FC86-4406-8EE0-355E96C435CF}.Debug|Any CPU.Build.0 = Debug|Any CPU
		{9DB49744-FC86-4406-8EE0-355E96C435CF}.Debug|x86.ActiveCfg = Debug|Any CPU
		{9DB49744-FC86-4406-8EE0-355E96C435CF}.Debug|x86.Build.0 = Debug|Any CPU
		{9DB49744-FC86-4406-8EE0-355E96C435CF}.Release|Any CPU.ActiveCfg = Release|Any CPU
		{9DB49744-FC86-4406-8EE0-355E96C435CF}.Release|Any CPU.Build.0 = Release|Any CPU
		{9DB49744-FC86-4406-8EE0-355E96C435CF}.Release|x86.ActiveCfg = Release|Any CPU
		{9DB49744-FC86-4406-8EE0-355E96C435CF}.Release|x86.Build.0 = Release|Any CPU
		{9DB49744-FC86-4406-8EE0-355E96C435CF}.x86|Any CPU.ActiveCfg = Debug|Any CPU
		{9DB49744-FC86-4406-8EE0-355E96C435CF}.x86|Any CPU.Build.0 = Debug|Any CPU
		{9DB49744-FC86-4406-8EE0-355E96C435CF}.x86|x86.ActiveCfg = Debug|Any CPU
		{9DB49744-FC86-4406-8EE0-355E96C435CF}.x86|x86.Build.0 = Debug|Any CPU
		{9E67B135-ED55-46F0-A64F-76236C2BD903}.Debug|Any CPU.ActiveCfg = Debug|Any CPU
		{9E67B135-ED55-46F0-A64F-76236C2BD903}.Debug|Any CPU.Build.0 = Debug|Any CPU
		{9E67B135-ED55-46F0-A64F-76236C2BD903}.Debug|x86.ActiveCfg = Debug|Any CPU
		{9E67B135-ED55-46F0-A64F-76236C2BD903}.Debug|x86.Build.0 = Debug|Any CPU
		{9E67B135-ED55-46F0-A64F-76236C2BD903}.Release|Any CPU.ActiveCfg = Release|Any CPU
		{9E67B135-ED55-46F0-A64F-76236C2BD903}.Release|Any CPU.Build.0 = Release|Any CPU
		{9E67B135-ED55-46F0-A64F-76236C2BD903}.Release|x86.ActiveCfg = Release|Any CPU
		{9E67B135-ED55-46F0-A64F-76236C2BD903}.Release|x86.Build.0 = Release|Any CPU
		{9E67B135-ED55-46F0-A64F-76236C2BD903}.x86|Any CPU.ActiveCfg = Debug|Any CPU
		{9E67B135-ED55-46F0-A64F-76236C2BD903}.x86|Any CPU.Build.0 = Debug|Any CPU
		{9E67B135-ED55-46F0-A64F-76236C2BD903}.x86|x86.ActiveCfg = Debug|Any CPU
		{9E67B135-ED55-46F0-A64F-76236C2BD903}.x86|x86.Build.0 = Debug|Any CPU
		{9BC8B3E1-B5FD-4022-88C6-215A87EFBDA1}.Debug|Any CPU.ActiveCfg = Debug|Any CPU
		{9BC8B3E1-B5FD-4022-88C6-215A87EFBDA1}.Debug|Any CPU.Build.0 = Debug|Any CPU
		{9BC8B3E1-B5FD-4022-88C6-215A87EFBDA1}.Debug|x86.ActiveCfg = Debug|Any CPU
		{9BC8B3E1-B5FD-4022-88C6-215A87EFBDA1}.Debug|x86.Build.0 = Debug|Any CPU
		{9BC8B3E1-B5FD-4022-88C6-215A87EFBDA1}.Release|Any CPU.ActiveCfg = Release|Any CPU
		{9BC8B3E1-B5FD-4022-88C6-215A87EFBDA1}.Release|Any CPU.Build.0 = Release|Any CPU
		{9BC8B3E1-B5FD-4022-88C6-215A87EFBDA1}.Release|x86.ActiveCfg = Release|Any CPU
		{9BC8B3E1-B5FD-4022-88C6-215A87EFBDA1}.Release|x86.Build.0 = Release|Any CPU
		{9BC8B3E1-B5FD-4022-88C6-215A87EFBDA1}.x86|Any CPU.ActiveCfg = Debug|Any CPU
		{9BC8B3E1-B5FD-4022-88C6-215A87EFBDA1}.x86|Any CPU.Build.0 = Debug|Any CPU
		{9BC8B3E1-B5FD-4022-88C6-215A87EFBDA1}.x86|x86.ActiveCfg = Debug|Any CPU
		{9BC8B3E1-B5FD-4022-88C6-215A87EFBDA1}.x86|x86.Build.0 = Debug|Any CPU
		{BB4A4762-E197-42EA-ADF9-96FEECB8B4F6}.Debug|Any CPU.ActiveCfg = Debug|Any CPU
		{BB4A4762-E197-42EA-ADF9-96FEECB8B4F6}.Debug|Any CPU.Build.0 = Debug|Any CPU
		{BB4A4762-E197-42EA-ADF9-96FEECB8B4F6}.Debug|x86.ActiveCfg = Debug|Any CPU
		{BB4A4762-E197-42EA-ADF9-96FEECB8B4F6}.Debug|x86.Build.0 = Debug|Any CPU
		{BB4A4762-E197-42EA-ADF9-96FEECB8B4F6}.Release|Any CPU.ActiveCfg = Release|Any CPU
		{BB4A4762-E197-42EA-ADF9-96FEECB8B4F6}.Release|Any CPU.Build.0 = Release|Any CPU
		{BB4A4762-E197-42EA-ADF9-96FEECB8B4F6}.Release|x86.ActiveCfg = Release|Any CPU
		{BB4A4762-E197-42EA-ADF9-96FEECB8B4F6}.Release|x86.Build.0 = Release|Any CPU
		{BB4A4762-E197-42EA-ADF9-96FEECB8B4F6}.x86|Any CPU.ActiveCfg = Debug|Any CPU
		{BB4A4762-E197-42EA-ADF9-96FEECB8B4F6}.x86|Any CPU.Build.0 = Debug|Any CPU
		{BB4A4762-E197-42EA-ADF9-96FEECB8B4F6}.x86|x86.ActiveCfg = Debug|Any CPU
		{BB4A4762-E197-42EA-ADF9-96FEECB8B4F6}.x86|x86.Build.0 = Debug|Any CPU
		{685C77AB-5242-43F3-97DA-6334E6DA78FE}.Debug|Any CPU.ActiveCfg = Debug|Any CPU
		{685C77AB-5242-43F3-97DA-6334E6DA78FE}.Debug|Any CPU.Build.0 = Debug|Any CPU
		{685C77AB-5242-43F3-97DA-6334E6DA78FE}.Debug|x86.ActiveCfg = Debug|Any CPU
		{685C77AB-5242-43F3-97DA-6334E6DA78FE}.Debug|x86.Build.0 = Debug|Any CPU
		{685C77AB-5242-43F3-97DA-6334E6DA78FE}.Release|Any CPU.ActiveCfg = Release|Any CPU
		{685C77AB-5242-43F3-97DA-6334E6DA78FE}.Release|Any CPU.Build.0 = Release|Any CPU
		{685C77AB-5242-43F3-97DA-6334E6DA78FE}.Release|x86.ActiveCfg = Release|Any CPU
		{685C77AB-5242-43F3-97DA-6334E6DA78FE}.Release|x86.Build.0 = Release|Any CPU
		{685C77AB-5242-43F3-97DA-6334E6DA78FE}.x86|Any CPU.ActiveCfg = Debug|Any CPU
		{685C77AB-5242-43F3-97DA-6334E6DA78FE}.x86|Any CPU.Build.0 = Debug|Any CPU
		{685C77AB-5242-43F3-97DA-6334E6DA78FE}.x86|x86.ActiveCfg = Debug|Any CPU
		{685C77AB-5242-43F3-97DA-6334E6DA78FE}.x86|x86.Build.0 = Debug|Any CPU
		{0DE2E675-0340-4804-96D0-725EC7CB7737}.Debug|Any CPU.ActiveCfg = Debug|Any CPU
		{0DE2E675-0340-4804-96D0-725EC7CB7737}.Debug|Any CPU.Build.0 = Debug|Any CPU
		{0DE2E675-0340-4804-96D0-725EC7CB7737}.Debug|x86.ActiveCfg = Debug|Any CPU
		{0DE2E675-0340-4804-96D0-725EC7CB7737}.Debug|x86.Build.0 = Debug|Any CPU
		{0DE2E675-0340-4804-96D0-725EC7CB7737}.Release|Any CPU.ActiveCfg = Release|Any CPU
		{0DE2E675-0340-4804-96D0-725EC7CB7737}.Release|Any CPU.Build.0 = Release|Any CPU
		{0DE2E675-0340-4804-96D0-725EC7CB7737}.Release|x86.ActiveCfg = Release|Any CPU
		{0DE2E675-0340-4804-96D0-725EC7CB7737}.Release|x86.Build.0 = Release|Any CPU
		{0DE2E675-0340-4804-96D0-725EC7CB7737}.x86|Any CPU.ActiveCfg = Debug|Any CPU
		{0DE2E675-0340-4804-96D0-725EC7CB7737}.x86|Any CPU.Build.0 = Debug|Any CPU
		{0DE2E675-0340-4804-96D0-725EC7CB7737}.x86|x86.ActiveCfg = Debug|Any CPU
		{0DE2E675-0340-4804-96D0-725EC7CB7737}.x86|x86.Build.0 = Debug|Any CPU
		{88D0F06C-9911-4F1B-9C8B-9CFCE138272C}.Debug|Any CPU.ActiveCfg = Debug|Any CPU
		{88D0F06C-9911-4F1B-9C8B-9CFCE138272C}.Debug|Any CPU.Build.0 = Debug|Any CPU
		{88D0F06C-9911-4F1B-9C8B-9CFCE138272C}.Debug|x86.ActiveCfg = Debug|Any CPU
		{88D0F06C-9911-4F1B-9C8B-9CFCE138272C}.Debug|x86.Build.0 = Debug|Any CPU
		{88D0F06C-9911-4F1B-9C8B-9CFCE138272C}.Release|Any CPU.ActiveCfg = Release|Any CPU
		{88D0F06C-9911-4F1B-9C8B-9CFCE138272C}.Release|Any CPU.Build.0 = Release|Any CPU
		{88D0F06C-9911-4F1B-9C8B-9CFCE138272C}.Release|x86.ActiveCfg = Release|Any CPU
		{88D0F06C-9911-4F1B-9C8B-9CFCE138272C}.Release|x86.Build.0 = Release|Any CPU
		{88D0F06C-9911-4F1B-9C8B-9CFCE138272C}.x86|Any CPU.ActiveCfg = Debug|Any CPU
		{88D0F06C-9911-4F1B-9C8B-9CFCE138272C}.x86|Any CPU.Build.0 = Debug|Any CPU
		{88D0F06C-9911-4F1B-9C8B-9CFCE138272C}.x86|x86.ActiveCfg = Debug|Any CPU
		{88D0F06C-9911-4F1B-9C8B-9CFCE138272C}.x86|x86.Build.0 = Debug|Any CPU
		{5B3B0F5A-9327-4B42-BEFC-628C0FFD87CA}.Debug|Any CPU.ActiveCfg = Debug|Any CPU
		{5B3B0F5A-9327-4B42-BEFC-628C0FFD87CA}.Debug|Any CPU.Build.0 = Debug|Any CPU
		{5B3B0F5A-9327-4B42-BEFC-628C0FFD87CA}.Debug|x86.ActiveCfg = Debug|Any CPU
		{5B3B0F5A-9327-4B42-BEFC-628C0FFD87CA}.Debug|x86.Build.0 = Debug|Any CPU
		{5B3B0F5A-9327-4B42-BEFC-628C0FFD87CA}.Release|Any CPU.ActiveCfg = Release|Any CPU
		{5B3B0F5A-9327-4B42-BEFC-628C0FFD87CA}.Release|Any CPU.Build.0 = Release|Any CPU
		{5B3B0F5A-9327-4B42-BEFC-628C0FFD87CA}.Release|x86.ActiveCfg = Release|Any CPU
		{5B3B0F5A-9327-4B42-BEFC-628C0FFD87CA}.Release|x86.Build.0 = Release|Any CPU
		{5B3B0F5A-9327-4B42-BEFC-628C0FFD87CA}.x86|Any CPU.ActiveCfg = Debug|Any CPU
		{5B3B0F5A-9327-4B42-BEFC-628C0FFD87CA}.x86|Any CPU.Build.0 = Debug|Any CPU
		{5B3B0F5A-9327-4B42-BEFC-628C0FFD87CA}.x86|x86.ActiveCfg = Debug|Any CPU
		{5B3B0F5A-9327-4B42-BEFC-628C0FFD87CA}.x86|x86.Build.0 = Debug|Any CPU
		{05C5B0EB-0230-4996-AB53-84FFB3F9EBF1}.Debug|Any CPU.ActiveCfg = Debug|Any CPU
		{05C5B0EB-0230-4996-AB53-84FFB3F9EBF1}.Debug|Any CPU.Build.0 = Debug|Any CPU
		{05C5B0EB-0230-4996-AB53-84FFB3F9EBF1}.Debug|x86.ActiveCfg = Debug|Any CPU
		{05C5B0EB-0230-4996-AB53-84FFB3F9EBF1}.Debug|x86.Build.0 = Debug|Any CPU
		{05C5B0EB-0230-4996-AB53-84FFB3F9EBF1}.Release|Any CPU.ActiveCfg = Release|Any CPU
		{05C5B0EB-0230-4996-AB53-84FFB3F9EBF1}.Release|Any CPU.Build.0 = Release|Any CPU
		{05C5B0EB-0230-4996-AB53-84FFB3F9EBF1}.Release|x86.ActiveCfg = Release|Any CPU
		{05C5B0EB-0230-4996-AB53-84FFB3F9EBF1}.Release|x86.Build.0 = Release|Any CPU
		{05C5B0EB-0230-4996-AB53-84FFB3F9EBF1}.x86|Any CPU.ActiveCfg = Debug|Any CPU
		{05C5B0EB-0230-4996-AB53-84FFB3F9EBF1}.x86|Any CPU.Build.0 = Debug|Any CPU
		{05C5B0EB-0230-4996-AB53-84FFB3F9EBF1}.x86|x86.ActiveCfg = Debug|Any CPU
		{05C5B0EB-0230-4996-AB53-84FFB3F9EBF1}.x86|x86.Build.0 = Debug|Any CPU
		{396C644A-EF7F-4FC4-A7D0-C7F0B1DFD34B}.Debug|Any CPU.ActiveCfg = Debug|Any CPU
		{396C644A-EF7F-4FC4-A7D0-C7F0B1DFD34B}.Debug|Any CPU.Build.0 = Debug|Any CPU
		{396C644A-EF7F-4FC4-A7D0-C7F0B1DFD34B}.Debug|x86.ActiveCfg = Debug|Any CPU
		{396C644A-EF7F-4FC4-A7D0-C7F0B1DFD34B}.Debug|x86.Build.0 = Debug|Any CPU
		{396C644A-EF7F-4FC4-A7D0-C7F0B1DFD34B}.Release|Any CPU.ActiveCfg = Release|Any CPU
		{396C644A-EF7F-4FC4-A7D0-C7F0B1DFD34B}.Release|Any CPU.Build.0 = Release|Any CPU
		{396C644A-EF7F-4FC4-A7D0-C7F0B1DFD34B}.Release|x86.ActiveCfg = Release|Any CPU
		{396C644A-EF7F-4FC4-A7D0-C7F0B1DFD34B}.Release|x86.Build.0 = Release|Any CPU
		{396C644A-EF7F-4FC4-A7D0-C7F0B1DFD34B}.x86|Any CPU.ActiveCfg = Debug|Any CPU
		{396C644A-EF7F-4FC4-A7D0-C7F0B1DFD34B}.x86|Any CPU.Build.0 = Debug|Any CPU
		{396C644A-EF7F-4FC4-A7D0-C7F0B1DFD34B}.x86|x86.ActiveCfg = Debug|Any CPU
		{396C644A-EF7F-4FC4-A7D0-C7F0B1DFD34B}.x86|x86.Build.0 = Debug|Any CPU
		{D72D8B0E-0BDB-4901-BDF7-626B5ED623C6}.Debug|Any CPU.ActiveCfg = Debug|Any CPU
		{D72D8B0E-0BDB-4901-BDF7-626B5ED623C6}.Debug|Any CPU.Build.0 = Debug|Any CPU
		{D72D8B0E-0BDB-4901-BDF7-626B5ED623C6}.Debug|x86.ActiveCfg = Debug|Any CPU
		{D72D8B0E-0BDB-4901-BDF7-626B5ED623C6}.Debug|x86.Build.0 = Debug|Any CPU
		{D72D8B0E-0BDB-4901-BDF7-626B5ED623C6}.Release|Any CPU.ActiveCfg = Release|Any CPU
		{D72D8B0E-0BDB-4901-BDF7-626B5ED623C6}.Release|Any CPU.Build.0 = Release|Any CPU
		{D72D8B0E-0BDB-4901-BDF7-626B5ED623C6}.Release|x86.ActiveCfg = Release|Any CPU
		{D72D8B0E-0BDB-4901-BDF7-626B5ED623C6}.Release|x86.Build.0 = Release|Any CPU
		{D72D8B0E-0BDB-4901-BDF7-626B5ED623C6}.x86|Any CPU.ActiveCfg = Debug|Any CPU
		{D72D8B0E-0BDB-4901-BDF7-626B5ED623C6}.x86|Any CPU.Build.0 = Debug|Any CPU
		{D72D8B0E-0BDB-4901-BDF7-626B5ED623C6}.x86|x86.ActiveCfg = Debug|Any CPU
		{D72D8B0E-0BDB-4901-BDF7-626B5ED623C6}.x86|x86.Build.0 = Debug|Any CPU
		{12F5522A-6250-49DF-A4E1-67474E330661}.Debug|Any CPU.ActiveCfg = Debug|Any CPU
		{12F5522A-6250-49DF-A4E1-67474E330661}.Debug|Any CPU.Build.0 = Debug|Any CPU
		{12F5522A-6250-49DF-A4E1-67474E330661}.Debug|x86.ActiveCfg = Debug|Any CPU
		{12F5522A-6250-49DF-A4E1-67474E330661}.Debug|x86.Build.0 = Debug|Any CPU
		{12F5522A-6250-49DF-A4E1-67474E330661}.Release|Any CPU.ActiveCfg = Release|Any CPU
		{12F5522A-6250-49DF-A4E1-67474E330661}.Release|Any CPU.Build.0 = Release|Any CPU
		{12F5522A-6250-49DF-A4E1-67474E330661}.Release|x86.ActiveCfg = Release|Any CPU
		{12F5522A-6250-49DF-A4E1-67474E330661}.Release|x86.Build.0 = Release|Any CPU
		{12F5522A-6250-49DF-A4E1-67474E330661}.x86|Any CPU.ActiveCfg = Debug|Any CPU
		{12F5522A-6250-49DF-A4E1-67474E330661}.x86|Any CPU.Build.0 = Debug|Any CPU
		{12F5522A-6250-49DF-A4E1-67474E330661}.x86|x86.ActiveCfg = Debug|Any CPU
		{12F5522A-6250-49DF-A4E1-67474E330661}.x86|x86.Build.0 = Debug|Any CPU
		{942285F3-E881-45CC-ACDF-7A4DE4259B77}.Debug|Any CPU.ActiveCfg = Debug|Any CPU
		{942285F3-E881-45CC-ACDF-7A4DE4259B77}.Debug|Any CPU.Build.0 = Debug|Any CPU
		{942285F3-E881-45CC-ACDF-7A4DE4259B77}.Debug|x86.ActiveCfg = Debug|Any CPU
		{942285F3-E881-45CC-ACDF-7A4DE4259B77}.Debug|x86.Build.0 = Debug|Any CPU
		{942285F3-E881-45CC-ACDF-7A4DE4259B77}.Release|Any CPU.ActiveCfg = Release|Any CPU
		{942285F3-E881-45CC-ACDF-7A4DE4259B77}.Release|Any CPU.Build.0 = Release|Any CPU
		{942285F3-E881-45CC-ACDF-7A4DE4259B77}.Release|x86.ActiveCfg = Release|Any CPU
		{942285F3-E881-45CC-ACDF-7A4DE4259B77}.Release|x86.Build.0 = Release|Any CPU
		{942285F3-E881-45CC-ACDF-7A4DE4259B77}.x86|Any CPU.ActiveCfg = Debug|Any CPU
		{942285F3-E881-45CC-ACDF-7A4DE4259B77}.x86|Any CPU.Build.0 = Debug|Any CPU
		{942285F3-E881-45CC-ACDF-7A4DE4259B77}.x86|x86.ActiveCfg = Debug|Any CPU
		{942285F3-E881-45CC-ACDF-7A4DE4259B77}.x86|x86.Build.0 = Debug|Any CPU
		{31940304-EF06-4104-94B4-59B40331391E}.Debug|Any CPU.ActiveCfg = Debug|Any CPU
		{31940304-EF06-4104-94B4-59B40331391E}.Debug|Any CPU.Build.0 = Debug|Any CPU
		{31940304-EF06-4104-94B4-59B40331391E}.Debug|x86.ActiveCfg = Debug|Any CPU
		{31940304-EF06-4104-94B4-59B40331391E}.Debug|x86.Build.0 = Debug|Any CPU
		{31940304-EF06-4104-94B4-59B40331391E}.Release|Any CPU.ActiveCfg = Release|Any CPU
		{31940304-EF06-4104-94B4-59B40331391E}.Release|Any CPU.Build.0 = Release|Any CPU
		{31940304-EF06-4104-94B4-59B40331391E}.Release|x86.ActiveCfg = Release|Any CPU
		{31940304-EF06-4104-94B4-59B40331391E}.Release|x86.Build.0 = Release|Any CPU
		{31940304-EF06-4104-94B4-59B40331391E}.x86|Any CPU.ActiveCfg = Debug|Any CPU
		{31940304-EF06-4104-94B4-59B40331391E}.x86|Any CPU.Build.0 = Debug|Any CPU
		{31940304-EF06-4104-94B4-59B40331391E}.x86|x86.ActiveCfg = Debug|Any CPU
		{31940304-EF06-4104-94B4-59B40331391E}.x86|x86.Build.0 = Debug|Any CPU
		{282DB559-9DCA-4486-8830-CD18BE56418B}.Debug|Any CPU.ActiveCfg = Debug|Any CPU
		{282DB559-9DCA-4486-8830-CD18BE56418B}.Debug|Any CPU.Build.0 = Debug|Any CPU
		{282DB559-9DCA-4486-8830-CD18BE56418B}.Debug|x86.ActiveCfg = Debug|Any CPU
		{282DB559-9DCA-4486-8830-CD18BE56418B}.Debug|x86.Build.0 = Debug|Any CPU
		{282DB559-9DCA-4486-8830-CD18BE56418B}.Release|Any CPU.ActiveCfg = Release|Any CPU
		{282DB559-9DCA-4486-8830-CD18BE56418B}.Release|Any CPU.Build.0 = Release|Any CPU
		{282DB559-9DCA-4486-8830-CD18BE56418B}.Release|x86.ActiveCfg = Release|Any CPU
		{282DB559-9DCA-4486-8830-CD18BE56418B}.Release|x86.Build.0 = Release|Any CPU
		{282DB559-9DCA-4486-8830-CD18BE56418B}.x86|Any CPU.ActiveCfg = Debug|Any CPU
		{282DB559-9DCA-4486-8830-CD18BE56418B}.x86|Any CPU.Build.0 = Debug|Any CPU
		{282DB559-9DCA-4486-8830-CD18BE56418B}.x86|x86.ActiveCfg = Debug|Any CPU
		{282DB559-9DCA-4486-8830-CD18BE56418B}.x86|x86.Build.0 = Debug|Any CPU
		{3B8D3F1B-6FA6-4CBA-A256-02CEEA3CC774}.Debug|Any CPU.ActiveCfg = Debug|Any CPU
		{3B8D3F1B-6FA6-4CBA-A256-02CEEA3CC774}.Debug|Any CPU.Build.0 = Debug|Any CPU
		{3B8D3F1B-6FA6-4CBA-A256-02CEEA3CC774}.Debug|x86.ActiveCfg = Debug|Any CPU
		{3B8D3F1B-6FA6-4CBA-A256-02CEEA3CC774}.Debug|x86.Build.0 = Debug|Any CPU
		{3B8D3F1B-6FA6-4CBA-A256-02CEEA3CC774}.Release|Any CPU.ActiveCfg = Release|Any CPU
		{3B8D3F1B-6FA6-4CBA-A256-02CEEA3CC774}.Release|Any CPU.Build.0 = Release|Any CPU
		{3B8D3F1B-6FA6-4CBA-A256-02CEEA3CC774}.Release|x86.ActiveCfg = Release|Any CPU
		{3B8D3F1B-6FA6-4CBA-A256-02CEEA3CC774}.Release|x86.Build.0 = Release|Any CPU
		{3B8D3F1B-6FA6-4CBA-A256-02CEEA3CC774}.x86|Any CPU.ActiveCfg = Debug|Any CPU
		{3B8D3F1B-6FA6-4CBA-A256-02CEEA3CC774}.x86|Any CPU.Build.0 = Debug|Any CPU
		{3B8D3F1B-6FA6-4CBA-A256-02CEEA3CC774}.x86|x86.ActiveCfg = Debug|Any CPU
		{3B8D3F1B-6FA6-4CBA-A256-02CEEA3CC774}.x86|x86.Build.0 = Debug|Any CPU
		{A5BFF8DC-E398-460D-83B9-3B2501D92570}.Debug|Any CPU.ActiveCfg = Debug|Any CPU
		{A5BFF8DC-E398-460D-83B9-3B2501D92570}.Debug|Any CPU.Build.0 = Debug|Any CPU
		{A5BFF8DC-E398-460D-83B9-3B2501D92570}.Debug|x86.ActiveCfg = Debug|Any CPU
		{A5BFF8DC-E398-460D-83B9-3B2501D92570}.Debug|x86.Build.0 = Debug|Any CPU
		{A5BFF8DC-E398-460D-83B9-3B2501D92570}.Release|Any CPU.ActiveCfg = Release|Any CPU
		{A5BFF8DC-E398-460D-83B9-3B2501D92570}.Release|Any CPU.Build.0 = Release|Any CPU
		{A5BFF8DC-E398-460D-83B9-3B2501D92570}.Release|x86.ActiveCfg = Release|Any CPU
		{A5BFF8DC-E398-460D-83B9-3B2501D92570}.Release|x86.Build.0 = Release|Any CPU
		{A5BFF8DC-E398-460D-83B9-3B2501D92570}.x86|Any CPU.ActiveCfg = Debug|Any CPU
		{A5BFF8DC-E398-460D-83B9-3B2501D92570}.x86|Any CPU.Build.0 = Debug|Any CPU
		{A5BFF8DC-E398-460D-83B9-3B2501D92570}.x86|x86.ActiveCfg = Debug|Any CPU
		{A5BFF8DC-E398-460D-83B9-3B2501D92570}.x86|x86.Build.0 = Debug|Any CPU
		{25D72349-A283-4FB6-90F4-8952017FFD35}.Debug|Any CPU.ActiveCfg = Debug|Any CPU
		{25D72349-A283-4FB6-90F4-8952017FFD35}.Debug|Any CPU.Build.0 = Debug|Any CPU
		{25D72349-A283-4FB6-90F4-8952017FFD35}.Debug|x86.ActiveCfg = Debug|Any CPU
		{25D72349-A283-4FB6-90F4-8952017FFD35}.Debug|x86.Build.0 = Debug|Any CPU
		{25D72349-A283-4FB6-90F4-8952017FFD35}.Release|Any CPU.ActiveCfg = Release|Any CPU
		{25D72349-A283-4FB6-90F4-8952017FFD35}.Release|Any CPU.Build.0 = Release|Any CPU
		{25D72349-A283-4FB6-90F4-8952017FFD35}.Release|x86.ActiveCfg = Release|Any CPU
		{25D72349-A283-4FB6-90F4-8952017FFD35}.Release|x86.Build.0 = Release|Any CPU
		{25D72349-A283-4FB6-90F4-8952017FFD35}.x86|Any CPU.ActiveCfg = Debug|Any CPU
		{25D72349-A283-4FB6-90F4-8952017FFD35}.x86|Any CPU.Build.0 = Debug|Any CPU
		{25D72349-A283-4FB6-90F4-8952017FFD35}.x86|x86.ActiveCfg = Debug|Any CPU
		{25D72349-A283-4FB6-90F4-8952017FFD35}.x86|x86.Build.0 = Debug|Any CPU
		{2E2288FC-F860-4936-B889-4F92AC821A06}.Debug|Any CPU.ActiveCfg = Debug|Any CPU
		{2E2288FC-F860-4936-B889-4F92AC821A06}.Debug|Any CPU.Build.0 = Debug|Any CPU
		{2E2288FC-F860-4936-B889-4F92AC821A06}.Debug|x86.ActiveCfg = Debug|Any CPU
		{2E2288FC-F860-4936-B889-4F92AC821A06}.Debug|x86.Build.0 = Debug|Any CPU
		{2E2288FC-F860-4936-B889-4F92AC821A06}.Release|Any CPU.ActiveCfg = Release|Any CPU
		{2E2288FC-F860-4936-B889-4F92AC821A06}.Release|Any CPU.Build.0 = Release|Any CPU
		{2E2288FC-F860-4936-B889-4F92AC821A06}.Release|x86.ActiveCfg = Release|Any CPU
		{2E2288FC-F860-4936-B889-4F92AC821A06}.Release|x86.Build.0 = Release|Any CPU
		{2E2288FC-F860-4936-B889-4F92AC821A06}.x86|Any CPU.ActiveCfg = Debug|Any CPU
		{2E2288FC-F860-4936-B889-4F92AC821A06}.x86|Any CPU.Build.0 = Debug|Any CPU
		{2E2288FC-F860-4936-B889-4F92AC821A06}.x86|x86.ActiveCfg = Debug|Any CPU
		{2E2288FC-F860-4936-B889-4F92AC821A06}.x86|x86.Build.0 = Debug|Any CPU
		{9A51A9E5-BCDA-4C20-B3E5-E90C24A625F8}.Debug|Any CPU.ActiveCfg = Debug|Any CPU
		{9A51A9E5-BCDA-4C20-B3E5-E90C24A625F8}.Debug|Any CPU.Build.0 = Debug|Any CPU
		{9A51A9E5-BCDA-4C20-B3E5-E90C24A625F8}.Debug|x86.ActiveCfg = Debug|Any CPU
		{9A51A9E5-BCDA-4C20-B3E5-E90C24A625F8}.Debug|x86.Build.0 = Debug|Any CPU
		{9A51A9E5-BCDA-4C20-B3E5-E90C24A625F8}.Release|Any CPU.ActiveCfg = Release|Any CPU
		{9A51A9E5-BCDA-4C20-B3E5-E90C24A625F8}.Release|Any CPU.Build.0 = Release|Any CPU
		{9A51A9E5-BCDA-4C20-B3E5-E90C24A625F8}.Release|x86.ActiveCfg = Release|Any CPU
		{9A51A9E5-BCDA-4C20-B3E5-E90C24A625F8}.Release|x86.Build.0 = Release|Any CPU
		{9A51A9E5-BCDA-4C20-B3E5-E90C24A625F8}.x86|Any CPU.ActiveCfg = Debug|Any CPU
		{9A51A9E5-BCDA-4C20-B3E5-E90C24A625F8}.x86|Any CPU.Build.0 = Debug|Any CPU
		{9A51A9E5-BCDA-4C20-B3E5-E90C24A625F8}.x86|x86.ActiveCfg = Debug|Any CPU
		{9A51A9E5-BCDA-4C20-B3E5-E90C24A625F8}.x86|x86.Build.0 = Debug|Any CPU
		{990B4C7C-5007-4D1F-984E-BD8B5154C2C6}.Debug|Any CPU.ActiveCfg = Debug|Any CPU
		{990B4C7C-5007-4D1F-984E-BD8B5154C2C6}.Debug|Any CPU.Build.0 = Debug|Any CPU
		{990B4C7C-5007-4D1F-984E-BD8B5154C2C6}.Debug|x86.ActiveCfg = Debug|Any CPU
		{990B4C7C-5007-4D1F-984E-BD8B5154C2C6}.Debug|x86.Build.0 = Debug|Any CPU
		{990B4C7C-5007-4D1F-984E-BD8B5154C2C6}.Release|Any CPU.ActiveCfg = Release|Any CPU
		{990B4C7C-5007-4D1F-984E-BD8B5154C2C6}.Release|Any CPU.Build.0 = Release|Any CPU
		{990B4C7C-5007-4D1F-984E-BD8B5154C2C6}.Release|x86.ActiveCfg = Release|Any CPU
		{990B4C7C-5007-4D1F-984E-BD8B5154C2C6}.Release|x86.Build.0 = Release|Any CPU
		{990B4C7C-5007-4D1F-984E-BD8B5154C2C6}.x86|Any CPU.ActiveCfg = Debug|Any CPU
		{990B4C7C-5007-4D1F-984E-BD8B5154C2C6}.x86|Any CPU.Build.0 = Debug|Any CPU
		{990B4C7C-5007-4D1F-984E-BD8B5154C2C6}.x86|x86.ActiveCfg = Debug|Any CPU
		{990B4C7C-5007-4D1F-984E-BD8B5154C2C6}.x86|x86.Build.0 = Debug|Any CPU
	EndGlobalSection
	GlobalSection(SolutionProperties) = preSolution
		HideSolutionNode = FALSE
	EndGlobalSection
	GlobalSection(NestedProjects) = preSolution
		{0B437803-244C-4B3E-9BC6-D2F33AD3D685} = {DBC451B3-52C7-4E09-84FC-2618A2D50885}
		{871AD324-9FD2-4EB3-AD3C-9DE66947AC52} = {86AFE19A-2DFA-4194-86A1-A0E543679921}
		{98D9F47F-C4B3-4EF3-9888-40209E9D689E} = {FF56C05E-C8BE-40A4-B9B1-762925076F0F}
		{D185808C-5D43-454A-9468-829E122C2C2A} = {FF56C05E-C8BE-40A4-B9B1-762925076F0F}
		{B4BEDA46-4D62-4709-92A1-9D5B39BE8F31} = {FF56C05E-C8BE-40A4-B9B1-762925076F0F}
		{EE2B7832-0F22-426E-8C85-4E7CC4D636A8} = {CAB93BD4-DD3C-45E3-961C-65185DEAE372}
		{87833BC9-6669-4B51-932D-33284E57C794} = {CAB93BD4-DD3C-45E3-961C-65185DEAE372}
		{47B300F4-D024-4900-8EB0-1394D5D76DCD} = {D1D477CA-1C3F-45F7-8B89-FE27264C168F}
		{CAB93BD4-DD3C-45E3-961C-65185DEAE372} = {47754E9A-A4FE-42DC-8280-75CFE3319B18}
		{A81B09ED-C936-4C60-BE8F-223D5D3FCE8D} = {5476A29B-D1C5-4E71-8362-428947F253F0}
		{728C3656-D039-4F7B-8796-ACB59F9BF446} = {D1D477CA-1C3F-45F7-8B89-FE27264C168F}
		{FC737DED-D254-46A5-B987-7AA2DEAD342D} = {D1D477CA-1C3F-45F7-8B89-FE27264C168F}
		{E7D68911-25A1-4DAB-8EA3-372CC41FDF05} = {47754E9A-A4FE-42DC-8280-75CFE3319B18}
		{09A83217-3D5A-4110-8590-C0E42BFA7700} = {47754E9A-A4FE-42DC-8280-75CFE3319B18}
		{E987EC5E-563C-48D9-932F-1DFBC545752D} = {89AAEC33-A903-4B07-9DD5-6EAFCBD9771E}
		{EB5417EA-362A-40B6-8B2A-E48BC45C9C05} = {89AAEC33-A903-4B07-9DD5-6EAFCBD9771E}
		{654608E6-4BB3-4D7F-8F39-144C1318AA7B} = {89AAEC33-A903-4B07-9DD5-6EAFCBD9771E}
		{89AAEC33-A903-4B07-9DD5-6EAFCBD9771E} = {47754E9A-A4FE-42DC-8280-75CFE3319B18}
		{1C7B3C53-824B-48F5-90FC-13308547F23D} = {47754E9A-A4FE-42DC-8280-75CFE3319B18}
		{D1D477CA-1C3F-45F7-8B89-FE27264C168F} = {47754E9A-A4FE-42DC-8280-75CFE3319B18}
		{4A66B269-F295-4D6E-9E39-B6C3F4F3595E} = {47754E9A-A4FE-42DC-8280-75CFE3319B18}
		{BDE11881-79CA-4B2C-B3FF-E4FA99ADC2FB} = {86AFE19A-2DFA-4194-86A1-A0E543679921}
		{86A01E2B-0B8B-41CB-B747-A571146875A2} = {FF56C05E-C8BE-40A4-B9B1-762925076F0F}
		{6E979E3F-AA8B-4D54-A4C2-F060CA6E649A} = {DBC451B3-52C7-4E09-84FC-2618A2D50885}
		{744C1DFB-BF03-40B2-9694-33F1A0006CEF} = {47754E9A-A4FE-42DC-8280-75CFE3319B18}
		{9DB49744-FC86-4406-8EE0-355E96C435CF} = {744C1DFB-BF03-40B2-9694-33F1A0006CEF}
		{5C67FD95-63EB-4AED-91CB-631EEACFB927} = {47754E9A-A4FE-42DC-8280-75CFE3319B18}
		{8026868A-4009-4257-B921-CED9F62389EB} = {47754E9A-A4FE-42DC-8280-75CFE3319B18}
		{9E67B135-ED55-46F0-A64F-76236C2BD903} = {1C7B3C53-824B-48F5-90FC-13308547F23D}
		{9BC8B3E1-B5FD-4022-88C6-215A87EFBDA1} = {89AAEC33-A903-4B07-9DD5-6EAFCBD9771E}
		{BB4A4762-E197-42EA-ADF9-96FEECB8B4F6} = {4A66B269-F295-4D6E-9E39-B6C3F4F3595E}
		{5BC50C7F-3CFC-4D6C-A81D-8602FB6F788E} = {47754E9A-A4FE-42DC-8280-75CFE3319B18}
		{685C77AB-5242-43F3-97DA-6334E6DA78FE} = {DBC451B3-52C7-4E09-84FC-2618A2D50885}
		{0DE2E675-0340-4804-96D0-725EC7CB7737} = {DBC451B3-52C7-4E09-84FC-2618A2D50885}
		{88D0F06C-9911-4F1B-9C8B-9CFCE138272C} = {DBC451B3-52C7-4E09-84FC-2618A2D50885}
		{5B3B0F5A-9327-4B42-BEFC-628C0FFD87CA} = {DBC451B3-52C7-4E09-84FC-2618A2D50885}
		{05C5B0EB-0230-4996-AB53-84FFB3F9EBF1} = {DBC451B3-52C7-4E09-84FC-2618A2D50885}
		{396C644A-EF7F-4FC4-A7D0-C7F0B1DFD34B} = {5476A29B-D1C5-4E71-8362-428947F253F0}
		{5476A29B-D1C5-4E71-8362-428947F253F0} = {47754E9A-A4FE-42DC-8280-75CFE3319B18}
		{D72D8B0E-0BDB-4901-BDF7-626B5ED623C6} = {5476A29B-D1C5-4E71-8362-428947F253F0}
		{12F5522A-6250-49DF-A4E1-67474E330661} = {5476A29B-D1C5-4E71-8362-428947F253F0}
		{942285F3-E881-45CC-ACDF-7A4DE4259B77} = {88786F7E-C715-4CF0-82B6-04CFAAA5926F}
		{31940304-EF06-4104-94B4-59B40331391E} = {88786F7E-C715-4CF0-82B6-04CFAAA5926F}
		{282DB559-9DCA-4486-8830-CD18BE56418B} = {1B83C595-4F67-4060-A568-6E15DA2317C2}
		{3B8D3F1B-6FA6-4CBA-A256-02CEEA3CC774} = {1B83C595-4F67-4060-A568-6E15DA2317C2}
		{B5D91583-1EB4-4B3C-8288-88FD13E35556} = {1B83C595-4F67-4060-A568-6E15DA2317C2}
		{2F745B0A-B2F4-4EB8-9A8E-5A87B2988F99} = {1B83C595-4F67-4060-A568-6E15DA2317C2}
		{A5BFF8DC-E398-460D-83B9-3B2501D92570} = {1B83C595-4F67-4060-A568-6E15DA2317C2}
		{25D72349-A283-4FB6-90F4-8952017FFD35} = {1B83C595-4F67-4060-A568-6E15DA2317C2}
		{2E2288FC-F860-4936-B889-4F92AC821A06} = {1B83C595-4F67-4060-A568-6E15DA2317C2}
		{9A51A9E5-BCDA-4C20-B3E5-E90C24A625F8} = {1B83C595-4F67-4060-A568-6E15DA2317C2}
		{990B4C7C-5007-4D1F-984E-BD8B5154C2C6} = {1B83C595-4F67-4060-A568-6E15DA2317C2}
	EndGlobalSection
	GlobalSection(ExtensibilityGlobals) = postSolution
		SolutionGuid = {080094DB-7666-459B-88F8-5F017533DAA6}
	EndGlobalSection
EndGlobal
